
Microsoft Visual Studio Solution File, Format Version 12.00
# Visual Studio Version 17
VisualStudioVersion = 17.0.31314.256
MinimumVisualStudioVersion = 10.0.40219.1
Project("{2150E333-8FDC-42A3-9474-1A3956D46DE8}") = "Automation", "Automation", "{0BFBE63A-B98A-3411-8EEB-8918FEC737B3}"
EndProject
Project("{2150E333-8FDC-42A3-9474-1A3956D46DE8}") = "Engine", "Engine", "{233774A8-CC9D-3FA9-86D1-90573E92B704}"
EndProject
Project("{2150E333-8FDC-42A3-9474-1A3956D46DE8}") = "Games", "Games", "{DE1F8B53-6C02-3C13-9101-A7C8D96F3FF6}"
EndProject
Project("{2150E333-8FDC-42A3-9474-1A3956D46DE8}") = "Programs", "Programs", "{A338B9E2-A559-34BE-A46D-F789DD488FAD}"
EndProject
Project("{2150E333-8FDC-42A3-9474-1A3956D46DE8}") = "Rules", "Rules", "{C2F57ECE-B26F-39D8-BDA7-C1D40BD8F180}"
EndProject
Project("{2150E333-8FDC-42A3-9474-1A3956D46DE8}") = "Shared", "Shared", "{57713676-9DBE-331C-AD10-26632AC9EE0C}"
EndProject
Project("{2150E333-8FDC-42A3-9474-1A3956D46DE8}") = "UnrealBuildTool.Plugins", "UnrealBuildTool.Plugins", "{7B5CFB44-F0FB-31DF-AE62-C3C096A29A7B}"
EndProject
Project("{8BC9CEB8-8B4A-11D0-8D11-00A0C91BC942}") = "UE5", "Intermediate\ProjectFiles\UE5.vcxproj", "{C22418DA-32B7-369D-97AD-44AD9026E78F}"
	ProjectSection(ProjectDependencies) = postProject
	EndProjectSection
EndProject
Project("{8BC9CEB8-8B4A-11D0-8D11-00A0C91BC942}") = "PCG_Demo", "Intermediate\ProjectFiles\PCG_Demo.vcxproj", "{4E8744D5-A17B-35F0-B960-148659F8F818}"
	ProjectSection(ProjectDependencies) = postProject
	EndProjectSection
EndProject
Project("{FAE04EC0-301F-11D3-BF4B-00C04F79EFBC}") = "VisionOS.Automation", "..\QSNClient\MainClient\UnrealEngine\Engine\Platforms\VisionOS\Source\Programs\AutomationTool\VisionOS.Automation.csproj", "{E288FD9A-8319-34FB-B836-DA1CFA324035}"
EndProject
Project("{FAE04EC0-301F-11D3-BF4B-00C04F79EFBC}") = "ScriptGeneratorUbtPlugin.ubtplugin", "..\QSNClient\MainClient\UnrealEngine\Engine\Plugins\ScriptPlugin\Source\ScriptGeneratorUbtPlugin\ScriptGeneratorUbtPlugin.ubtplugin.csproj", "{8D5C6414-9CB3-3EFD-A536-27FE80A6651B}"
EndProject
Project("{FAE04EC0-301F-11D3-BF4B-00C04F79EFBC}") = "EpicGames.ProjectStore", "..\QSNClient\MainClient\UnrealEngine\Engine\Source\Programs\Shared\EpicGames.ProjectStore\EpicGames.ProjectStore.csproj", "{E0092661-A41D-3A76-A90F-C990F854E540}"
EndProject
Project("{FAE04EC0-301F-11D3-BF4B-00C04F79EFBC}") = "EpicGames.UBA", "..\QSNClient\MainClient\UnrealEngine\Engine\Source\Programs\Shared\EpicGames.UBA\EpicGames.UBA.csproj", "{4C4952DE-61FD-395D-A79E-98765DFB6D3D}"
EndProject
Project("{FAE04EC0-301F-11D3-BF4B-00C04F79EFBC}") = "UE5ProgramRules", "..\QSNClient\MainClient\UnrealEngine\Engine\Intermediate\Build\BuildRulesProjects\UE5ProgramRules\UE5ProgramRules.csproj", "{4ACB6F1D-4D57-3AB6-959D-6F30B8612304}"
EndProject
Project("{FAE04EC0-301F-11D3-BF4B-00C04F79EFBC}") = "UE5Rules", "..\QSNClient\MainClient\UnrealEngine\Engine\Intermediate\Build\BuildRulesProjects\UE5Rules\UE5Rules.csproj", "{28524817-908B-34E3-B0F3-DCED24FD6A66}"
EndProject
Project("{FAE04EC0-301F-11D3-BF4B-00C04F79EFBC}") = "PCG_DemoModuleRules", "Intermediate\Build\BuildRulesProjects\PCG_DemoModuleRules\PCG_DemoModuleRules.csproj", "{3788BDE7-5224-34C6-9B92-FD2FAFB784E7}"
EndProject
Project("{2150E333-8FDC-42A3-9474-1A3956D46DE8}") = "Visualizers", "Visualizers", "{1CCEC849-CC72-4C59-8C36-2F7C38706D4C}"
	ProjectSection(SolutionItems) = preProject
		..\QSNClient\MainClient\UnrealEngine\Engine\Extras\VisualStudioDebugging\Unreal.natvis = ..\QSNClient\MainClient\UnrealEngine\Engine\Extras\VisualStudioDebugging\Unreal.natvis
	EndProjectSection
EndProject
Global
	GlobalSection(SolutionConfigurationPlatforms) = preSolution
		Debug Client|Win64 = Debug Client|Win64
		Debug Client|Win64-arm64 = Debug Client|Win64-arm64
		Debug Client|Win64-arm64ec = Debug Client|Win64-arm64ec
		Debug Editor|Win64 = Debug Editor|Win64
		Debug Editor|Win64-arm64 = Debug Editor|Win64-arm64
		Debug Editor|Win64-arm64ec = Debug Editor|Win64-arm64ec
		Debug Server|Win64 = Debug Server|Win64
		Debug Server|Win64-arm64 = Debug Server|Win64-arm64
		Debug Server|Win64-arm64ec = Debug Server|Win64-arm64ec
		DebugGame Client|Win64 = DebugGame Client|Win64
		DebugGame Client|Win64-arm64 = DebugGame Client|Win64-arm64
		DebugGame Client|Win64-arm64ec = DebugGame Client|Win64-arm64ec
		DebugGame Editor|Win64 = DebugGame Editor|Win64
		DebugGame Editor|Win64-arm64 = DebugGame Editor|Win64-arm64
		DebugGame Editor|Win64-arm64ec = DebugGame Editor|Win64-arm64ec
		DebugGame Server|Win64 = DebugGame Server|Win64
		DebugGame Server|Win64-arm64 = DebugGame Server|Win64-arm64
		DebugGame Server|Win64-arm64ec = DebugGame Server|Win64-arm64ec
		DebugGame|Win64 = DebugGame|Win64
		DebugGame|Win64-arm64 = DebugGame|Win64-arm64
		DebugGame|Win64-arm64ec = DebugGame|Win64-arm64ec
		Debug|Win64 = Debug|Win64
		Debug|Win64-arm64 = Debug|Win64-arm64
		Debug|Win64-arm64ec = Debug|Win64-arm64ec
		Development Client|Win64 = Development Client|Win64
		Development Client|Win64-arm64 = Development Client|Win64-arm64
		Development Client|Win64-arm64ec = Development Client|Win64-arm64ec
		Development Editor|Win64 = Development Editor|Win64
		Development Editor|Win64-arm64 = Development Editor|Win64-arm64
		Development Editor|Win64-arm64ec = Development Editor|Win64-arm64ec
		Development Server|Win64 = Development Server|Win64
		Development Server|Win64-arm64 = Development Server|Win64-arm64
		Development Server|Win64-arm64ec = Development Server|Win64-arm64ec
		Development|Win64 = Development|Win64
		Development|Win64-arm64 = Development|Win64-arm64
		Development|Win64-arm64ec = Development|Win64-arm64ec
		Shipping Client|Win64 = Shipping Client|Win64
		Shipping Client|Win64-arm64 = Shipping Client|Win64-arm64
		Shipping Client|Win64-arm64ec = Shipping Client|Win64-arm64ec
		Shipping Server|Win64 = Shipping Server|Win64
		Shipping Server|Win64-arm64 = Shipping Server|Win64-arm64
		Shipping Server|Win64-arm64ec = Shipping Server|Win64-arm64ec
		Shipping|Win64 = Shipping|Win64
		Shipping|Win64-arm64 = Shipping|Win64-arm64
		Shipping|Win64-arm64ec = Shipping|Win64-arm64ec
		Test Client|Win64 = Test Client|Win64
		Test Client|Win64-arm64 = Test Client|Win64-arm64
		Test Client|Win64-arm64ec = Test Client|Win64-arm64ec
		Test Server|Win64 = Test Server|Win64
		Test Server|Win64-arm64 = Test Server|Win64-arm64
		Test Server|Win64-arm64ec = Test Server|Win64-arm64ec
		Test|Win64 = Test|Win64
		Test|Win64-arm64 = Test|Win64-arm64
		Test|Win64-arm64ec = Test|Win64-arm64ec
	EndGlobalSection
	# UnrealVS Section
	GlobalSection(ddbf523f-7eb6-4887-bd51-85a714ff87eb) = preSolution
		AvailablePlatforms=Win64
	EndGlobalSection
	GlobalSection(ProjectConfigurationPlatforms) = postSolution
		{C22418DA-32B7-369D-97AD-44AD9026E78F}.Debug Client|Win64.ActiveCfg = Debug_Client|x64
		{C22418DA-32B7-369D-97AD-44AD9026E78F}.Debug Client|Win64.Build.0 = Debug_Client|x64
		{C22418DA-32B7-369D-97AD-44AD9026E78F}.Debug Client|Win64-arm64.ActiveCfg = Win64_arm64_Debug_Client|x64
		{C22418DA-32B7-369D-97AD-44AD9026E78F}.Debug Client|Win64-arm64.Build.0 = Win64_arm64_Debug_Client|x64
		{C22418DA-32B7-369D-97AD-44AD9026E78F}.Debug Client|Win64-arm64ec.ActiveCfg = Win64_arm64ec_Debug_Client|x64
		{C22418DA-32B7-369D-97AD-44AD9026E78F}.Debug Client|Win64-arm64ec.Build.0 = Win64_arm64ec_Debug_Client|x64
		{C22418DA-32B7-369D-97AD-44AD9026E78F}.Debug Editor|Win64.ActiveCfg = Debug_Editor|x64
		{C22418DA-32B7-369D-97AD-44AD9026E78F}.Debug Editor|Win64.Build.0 = Debug_Editor|x64
		{C22418DA-32B7-369D-97AD-44AD9026E78F}.Debug Editor|Win64-arm64.ActiveCfg = Win64_arm64_Debug_Editor|x64
		{C22418DA-32B7-369D-97AD-44AD9026E78F}.Debug Editor|Win64-arm64.Build.0 = Win64_arm64_Debug_Editor|x64
		{C22418DA-32B7-369D-97AD-44AD9026E78F}.Debug Editor|Win64-arm64ec.ActiveCfg = Win64_arm64ec_Debug_Editor|x64
		{C22418DA-32B7-369D-97AD-44AD9026E78F}.Debug Editor|Win64-arm64ec.Build.0 = Win64_arm64ec_Debug_Editor|x64
		{C22418DA-32B7-369D-97AD-44AD9026E78F}.Debug Server|Win64.ActiveCfg = Debug_Server|x64
		{C22418DA-32B7-369D-97AD-44AD9026E78F}.Debug Server|Win64.Build.0 = Debug_Server|x64
		{C22418DA-32B7-369D-97AD-44AD9026E78F}.Debug Server|Win64-arm64.ActiveCfg = Win64_arm64_Debug_Server|x64
		{C22418DA-32B7-369D-97AD-44AD9026E78F}.Debug Server|Win64-arm64.Build.0 = Win64_arm64_Debug_Server|x64
		{C22418DA-32B7-369D-97AD-44AD9026E78F}.Debug Server|Win64-arm64ec.ActiveCfg = Win64_arm64ec_Debug_Server|x64
		{C22418DA-32B7-369D-97AD-44AD9026E78F}.Debug Server|Win64-arm64ec.Build.0 = Win64_arm64ec_Debug_Server|x64
		{C22418DA-32B7-369D-97AD-44AD9026E78F}.DebugGame Client|Win64.ActiveCfg = DebugGame_Client|x64
		{C22418DA-32B7-369D-97AD-44AD9026E78F}.DebugGame Client|Win64.Build.0 = DebugGame_Client|x64
		{C22418DA-32B7-369D-97AD-44AD9026E78F}.DebugGame Client|Win64-arm64.ActiveCfg = Win64_arm64_DebugGame_Client|x64
		{C22418DA-32B7-369D-97AD-44AD9026E78F}.DebugGame Client|Win64-arm64.Build.0 = Win64_arm64_DebugGame_Client|x64
		{C22418DA-32B7-369D-97AD-44AD9026E78F}.DebugGame Client|Win64-arm64ec.ActiveCfg = Win64_arm64ec_DebugGame_Client|x64
		{C22418DA-32B7-369D-97AD-44AD9026E78F}.DebugGame Client|Win64-arm64ec.Build.0 = Win64_arm64ec_DebugGame_Client|x64
		{C22418DA-32B7-369D-97AD-44AD9026E78F}.DebugGame Editor|Win64.ActiveCfg = DebugGame_Editor|x64
		{C22418DA-32B7-369D-97AD-44AD9026E78F}.DebugGame Editor|Win64.Build.0 = DebugGame_Editor|x64
		{C22418DA-32B7-369D-97AD-44AD9026E78F}.DebugGame Editor|Win64-arm64.ActiveCfg = Win64_arm64_DebugGame_Editor|x64
		{C22418DA-32B7-369D-97AD-44AD9026E78F}.DebugGame Editor|Win64-arm64.Build.0 = Win64_arm64_DebugGame_Editor|x64
		{C22418DA-32B7-369D-97AD-44AD9026E78F}.DebugGame Editor|Win64-arm64ec.ActiveCfg = Win64_arm64ec_DebugGame_Editor|x64
		{C22418DA-32B7-369D-97AD-44AD9026E78F}.DebugGame Editor|Win64-arm64ec.Build.0 = Win64_arm64ec_DebugGame_Editor|x64
		{C22418DA-32B7-369D-97AD-44AD9026E78F}.DebugGame Server|Win64.ActiveCfg = DebugGame_Server|x64
		{C22418DA-32B7-369D-97AD-44AD9026E78F}.DebugGame Server|Win64.Build.0 = DebugGame_Server|x64
		{C22418DA-32B7-369D-97AD-44AD9026E78F}.DebugGame Server|Win64-arm64.ActiveCfg = Win64_arm64_DebugGame_Server|x64
		{C22418DA-32B7-369D-97AD-44AD9026E78F}.DebugGame Server|Win64-arm64.Build.0 = Win64_arm64_DebugGame_Server|x64
		{C22418DA-32B7-369D-97AD-44AD9026E78F}.DebugGame Server|Win64-arm64ec.ActiveCfg = Win64_arm64ec_DebugGame_Server|x64
		{C22418DA-32B7-369D-97AD-44AD9026E78F}.DebugGame Server|Win64-arm64ec.Build.0 = Win64_arm64ec_DebugGame_Server|x64
		{C22418DA-32B7-369D-97AD-44AD9026E78F}.DebugGame|Win64.ActiveCfg = DebugGame|x64
		{C22418DA-32B7-369D-97AD-44AD9026E78F}.DebugGame|Win64.Build.0 = DebugGame|x64
		{C22418DA-32B7-369D-97AD-44AD9026E78F}.DebugGame|Win64-arm64.ActiveCfg = Win64_arm64_DebugGame|x64
		{C22418DA-32B7-369D-97AD-44AD9026E78F}.DebugGame|Win64-arm64.Build.0 = Win64_arm64_DebugGame|x64
		{C22418DA-32B7-369D-97AD-44AD9026E78F}.DebugGame|Win64-arm64ec.ActiveCfg = Win64_arm64ec_DebugGame|x64
		{C22418DA-32B7-369D-97AD-44AD9026E78F}.DebugGame|Win64-arm64ec.Build.0 = Win64_arm64ec_DebugGame|x64
		{C22418DA-32B7-369D-97AD-44AD9026E78F}.Debug|Win64.ActiveCfg = Debug|x64
		{C22418DA-32B7-369D-97AD-44AD9026E78F}.Debug|Win64.Build.0 = Debug|x64
		{C22418DA-32B7-369D-97AD-44AD9026E78F}.Debug|Win64-arm64.ActiveCfg = Win64_arm64_Debug|x64
		{C22418DA-32B7-369D-97AD-44AD9026E78F}.Debug|Win64-arm64.Build.0 = Win64_arm64_Debug|x64
		{C22418DA-32B7-369D-97AD-44AD9026E78F}.Debug|Win64-arm64ec.ActiveCfg = Win64_arm64ec_Debug|x64
		{C22418DA-32B7-369D-97AD-44AD9026E78F}.Debug|Win64-arm64ec.Build.0 = Win64_arm64ec_Debug|x64
		{C22418DA-32B7-369D-97AD-44AD9026E78F}.Development Client|Win64.ActiveCfg = Development_Client|x64
		{C22418DA-32B7-369D-97AD-44AD9026E78F}.Development Client|Win64.Build.0 = Development_Client|x64
		{C22418DA-32B7-369D-97AD-44AD9026E78F}.Development Client|Win64-arm64.ActiveCfg = Win64_arm64_Development_Client|x64
		{C22418DA-32B7-369D-97AD-44AD9026E78F}.Development Client|Win64-arm64.Build.0 = Win64_arm64_Development_Client|x64
		{C22418DA-32B7-369D-97AD-44AD9026E78F}.Development Client|Win64-arm64ec.ActiveCfg = Win64_arm64ec_Development_Client|x64
		{C22418DA-32B7-369D-97AD-44AD9026E78F}.Development Client|Win64-arm64ec.Build.0 = Win64_arm64ec_Development_Client|x64
		{C22418DA-32B7-369D-97AD-44AD9026E78F}.Development Editor|Win64.ActiveCfg = Development_Editor|x64
		{C22418DA-32B7-369D-97AD-44AD9026E78F}.Development Editor|Win64.Build.0 = Development_Editor|x64
		{C22418DA-32B7-369D-97AD-44AD9026E78F}.Development Editor|Win64-arm64.ActiveCfg = Win64_arm64_Development_Editor|x64
		{C22418DA-32B7-369D-97AD-44AD9026E78F}.Development Editor|Win64-arm64.Build.0 = Win64_arm64_Development_Editor|x64
		{C22418DA-32B7-369D-97AD-44AD9026E78F}.Development Editor|Win64-arm64ec.ActiveCfg = Win64_arm64ec_Development_Editor|x64
		{C22418DA-32B7-369D-97AD-44AD9026E78F}.Development Editor|Win64-arm64ec.Build.0 = Win64_arm64ec_Development_Editor|x64
		{C22418DA-32B7-369D-97AD-44AD9026E78F}.Development Server|Win64.ActiveCfg = Development_Server|x64
		{C22418DA-32B7-369D-97AD-44AD9026E78F}.Development Server|Win64.Build.0 = Development_Server|x64
		{C22418DA-32B7-369D-97AD-44AD9026E78F}.Development Server|Win64-arm64.ActiveCfg = Win64_arm64_Development_Server|x64
		{C22418DA-32B7-369D-97AD-44AD9026E78F}.Development Server|Win64-arm64.Build.0 = Win64_arm64_Development_Server|x64
		{C22418DA-32B7-369D-97AD-44AD9026E78F}.Development Server|Win64-arm64ec.ActiveCfg = Win64_arm64ec_Development_Server|x64
		{C22418DA-32B7-369D-97AD-44AD9026E78F}.Development Server|Win64-arm64ec.Build.0 = Win64_arm64ec_Development_Server|x64
		{C22418DA-32B7-369D-97AD-44AD9026E78F}.Development|Win64.ActiveCfg = Development|x64
		{C22418DA-32B7-369D-97AD-44AD9026E78F}.Development|Win64.Build.0 = Development|x64
		{C22418DA-32B7-369D-97AD-44AD9026E78F}.Development|Win64-arm64.ActiveCfg = Win64_arm64_Development|x64
		{C22418DA-32B7-369D-97AD-44AD9026E78F}.Development|Win64-arm64.Build.0 = Win64_arm64_Development|x64
		{C22418DA-32B7-369D-97AD-44AD9026E78F}.Development|Win64-arm64ec.ActiveCfg = Win64_arm64ec_Development|x64
		{C22418DA-32B7-369D-97AD-44AD9026E78F}.Development|Win64-arm64ec.Build.0 = Win64_arm64ec_Development|x64
		{C22418DA-32B7-369D-97AD-44AD9026E78F}.Shipping Client|Win64.ActiveCfg = Shipping_Client|x64
		{C22418DA-32B7-369D-97AD-44AD9026E78F}.Shipping Client|Win64.Build.0 = Shipping_Client|x64
		{C22418DA-32B7-369D-97AD-44AD9026E78F}.Shipping Client|Win64-arm64.ActiveCfg = Win64_arm64_Shipping_Client|x64
		{C22418DA-32B7-369D-97AD-44AD9026E78F}.Shipping Client|Win64-arm64.Build.0 = Win64_arm64_Shipping_Client|x64
		{C22418DA-32B7-369D-97AD-44AD9026E78F}.Shipping Client|Win64-arm64ec.ActiveCfg = Win64_arm64ec_Shipping_Client|x64
		{C22418DA-32B7-369D-97AD-44AD9026E78F}.Shipping Client|Win64-arm64ec.Build.0 = Win64_arm64ec_Shipping_Client|x64
		{C22418DA-32B7-369D-97AD-44AD9026E78F}.Shipping Server|Win64.ActiveCfg = Shipping_Server|x64
		{C22418DA-32B7-369D-97AD-44AD9026E78F}.Shipping Server|Win64.Build.0 = Shipping_Server|x64
		{C22418DA-32B7-369D-97AD-44AD9026E78F}.Shipping Server|Win64-arm64.ActiveCfg = Win64_arm64_Shipping_Server|x64
		{C22418DA-32B7-369D-97AD-44AD9026E78F}.Shipping Server|Win64-arm64.Build.0 = Win64_arm64_Shipping_Server|x64
		{C22418DA-32B7-369D-97AD-44AD9026E78F}.Shipping Server|Win64-arm64ec.ActiveCfg = Win64_arm64ec_Shipping_Server|x64
		{C22418DA-32B7-369D-97AD-44AD9026E78F}.Shipping Server|Win64-arm64ec.Build.0 = Win64_arm64ec_Shipping_Server|x64
		{C22418DA-32B7-369D-97AD-44AD9026E78F}.Shipping|Win64.ActiveCfg = Shipping|x64
		{C22418DA-32B7-369D-97AD-44AD9026E78F}.Shipping|Win64.Build.0 = Shipping|x64
		{C22418DA-32B7-369D-97AD-44AD9026E78F}.Shipping|Win64-arm64.ActiveCfg = Win64_arm64_Shipping|x64
		{C22418DA-32B7-369D-97AD-44AD9026E78F}.Shipping|Win64-arm64.Build.0 = Win64_arm64_Shipping|x64
		{C22418DA-32B7-369D-97AD-44AD9026E78F}.Shipping|Win64-arm64ec.ActiveCfg = Win64_arm64ec_Shipping|x64
		{C22418DA-32B7-369D-97AD-44AD9026E78F}.Shipping|Win64-arm64ec.Build.0 = Win64_arm64ec_Shipping|x64
		{C22418DA-32B7-369D-97AD-44AD9026E78F}.Test Client|Win64.ActiveCfg = Test_Client|x64
		{C22418DA-32B7-369D-97AD-44AD9026E78F}.Test Client|Win64.Build.0 = Test_Client|x64
		{C22418DA-32B7-369D-97AD-44AD9026E78F}.Test Client|Win64-arm64.ActiveCfg = Win64_arm64_Test_Client|x64
		{C22418DA-32B7-369D-97AD-44AD9026E78F}.Test Client|Win64-arm64.Build.0 = Win64_arm64_Test_Client|x64
		{C22418DA-32B7-369D-97AD-44AD9026E78F}.Test Client|Win64-arm64ec.ActiveCfg = Win64_arm64ec_Test_Client|x64
		{C22418DA-32B7-369D-97AD-44AD9026E78F}.Test Client|Win64-arm64ec.Build.0 = Win64_arm64ec_Test_Client|x64
		{C22418DA-32B7-369D-97AD-44AD9026E78F}.Test Server|Win64.ActiveCfg = Test_Server|x64
		{C22418DA-32B7-369D-97AD-44AD9026E78F}.Test Server|Win64.Build.0 = Test_Server|x64
		{C22418DA-32B7-369D-97AD-44AD9026E78F}.Test Server|Win64-arm64.ActiveCfg = Win64_arm64_Test_Server|x64
		{C22418DA-32B7-369D-97AD-44AD9026E78F}.Test Server|Win64-arm64.Build.0 = Win64_arm64_Test_Server|x64
		{C22418DA-32B7-369D-97AD-44AD9026E78F}.Test Server|Win64-arm64ec.ActiveCfg = Win64_arm64ec_Test_Server|x64
		{C22418DA-32B7-369D-97AD-44AD9026E78F}.Test Server|Win64-arm64ec.Build.0 = Win64_arm64ec_Test_Server|x64
		{C22418DA-32B7-369D-97AD-44AD9026E78F}.Test|Win64.ActiveCfg = Test|x64
		{C22418DA-32B7-369D-97AD-44AD9026E78F}.Test|Win64.Build.0 = Test|x64
		{C22418DA-32B7-369D-97AD-44AD9026E78F}.Test|Win64-arm64.ActiveCfg = Win64_arm64_Test|x64
		{C22418DA-32B7-369D-97AD-44AD9026E78F}.Test|Win64-arm64.Build.0 = Win64_arm64_Test|x64
		{C22418DA-32B7-369D-97AD-44AD9026E78F}.Test|Win64-arm64ec.ActiveCfg = Win64_arm64ec_Test|x64
		{C22418DA-32B7-369D-97AD-44AD9026E78F}.Test|Win64-arm64ec.Build.0 = Win64_arm64ec_Test|x64
		{4E8744D5-A17B-35F0-B960-148659F8F818}.Debug Client|Win64.ActiveCfg = Invalid|x64
		{4E8744D5-A17B-35F0-B960-148659F8F818}.Debug Client|Win64-arm64.ActiveCfg = Invalid|x64
		{4E8744D5-A17B-35F0-B960-148659F8F818}.Debug Client|Win64-arm64ec.ActiveCfg = Invalid|x64
		{4E8744D5-A17B-35F0-B960-148659F8F818}.Debug Editor|Win64.ActiveCfg = Debug_Editor|x64
		{4E8744D5-A17B-35F0-B960-148659F8F818}.Debug Editor|Win64.Build.0 = Debug_Editor|x64
		{4E8744D5-A17B-35F0-B960-148659F8F818}.Debug Editor|Win64-arm64.ActiveCfg = Win64_arm64_Debug_Editor|x64
		{4E8744D5-A17B-35F0-B960-148659F8F818}.Debug Editor|Win64-arm64.Build.0 = Win64_arm64_Debug_Editor|x64
		{4E8744D5-A17B-35F0-B960-148659F8F818}.Debug Editor|Win64-arm64ec.ActiveCfg = Win64_arm64ec_Debug_Editor|x64
		{4E8744D5-A17B-35F0-B960-148659F8F818}.Debug Editor|Win64-arm64ec.Build.0 = Win64_arm64ec_Debug_Editor|x64
		{4E8744D5-A17B-35F0-B960-148659F8F818}.Debug Server|Win64.ActiveCfg = Invalid|x64
		{4E8744D5-A17B-35F0-B960-148659F8F818}.Debug Server|Win64-arm64.ActiveCfg = Invalid|x64
		{4E8744D5-A17B-35F0-B960-148659F8F818}.Debug Server|Win64-arm64ec.ActiveCfg = Invalid|x64
		{4E8744D5-A17B-35F0-B960-148659F8F818}.DebugGame Client|Win64.ActiveCfg = Invalid|x64
		{4E8744D5-A17B-35F0-B960-148659F8F818}.DebugGame Client|Win64-arm64.ActiveCfg = Invalid|x64
		{4E8744D5-A17B-35F0-B960-148659F8F818}.DebugGame Client|Win64-arm64ec.ActiveCfg = Invalid|x64
		{4E8744D5-A17B-35F0-B960-148659F8F818}.DebugGame Editor|Win64.ActiveCfg = DebugGame_Editor|x64
		{4E8744D5-A17B-35F0-B960-148659F8F818}.DebugGame Editor|Win64.Build.0 = DebugGame_Editor|x64
		{4E8744D5-A17B-35F0-B960-148659F8F818}.DebugGame Editor|Win64-arm64.ActiveCfg = Win64_arm64_DebugGame_Editor|x64
		{4E8744D5-A17B-35F0-B960-148659F8F818}.DebugGame Editor|Win64-arm64.Build.0 = Win64_arm64_DebugGame_Editor|x64
		{4E8744D5-A17B-35F0-B960-148659F8F818}.DebugGame Editor|Win64-arm64ec.ActiveCfg = Win64_arm64ec_DebugGame_Editor|x64
		{4E8744D5-A17B-35F0-B960-148659F8F818}.DebugGame Editor|Win64-arm64ec.Build.0 = Win64_arm64ec_DebugGame_Editor|x64
		{4E8744D5-A17B-35F0-B960-148659F8F818}.DebugGame Server|Win64.ActiveCfg = Invalid|x64
		{4E8744D5-A17B-35F0-B960-148659F8F818}.DebugGame Server|Win64-arm64.ActiveCfg = Invalid|x64
		{4E8744D5-A17B-35F0-B960-148659F8F818}.DebugGame Server|Win64-arm64ec.ActiveCfg = Invalid|x64
		{4E8744D5-A17B-35F0-B960-148659F8F818}.DebugGame|Win64.ActiveCfg = DebugGame|x64
		{4E8744D5-A17B-35F0-B960-148659F8F818}.DebugGame|Win64.Build.0 = DebugGame|x64
		{4E8744D5-A17B-35F0-B960-148659F8F818}.DebugGame|Win64-arm64.ActiveCfg = Win64_arm64_DebugGame|x64
		{4E8744D5-A17B-35F0-B960-148659F8F818}.DebugGame|Win64-arm64.Build.0 = Win64_arm64_DebugGame|x64
		{4E8744D5-A17B-35F0-B960-148659F8F818}.DebugGame|Win64-arm64ec.ActiveCfg = Win64_arm64ec_DebugGame|x64
		{4E8744D5-A17B-35F0-B960-148659F8F818}.DebugGame|Win64-arm64ec.Build.0 = Win64_arm64ec_DebugGame|x64
		{4E8744D5-A17B-35F0-B960-148659F8F818}.Debug|Win64.ActiveCfg = Debug|x64
		{4E8744D5-A17B-35F0-B960-148659F8F818}.Debug|Win64.Build.0 = Debug|x64
		{4E8744D5-A17B-35F0-B960-148659F8F818}.Debug|Win64-arm64.ActiveCfg = Win64_arm64_Debug|x64
		{4E8744D5-A17B-35F0-B960-148659F8F818}.Debug|Win64-arm64.Build.0 = Win64_arm64_Debug|x64
		{4E8744D5-A17B-35F0-B960-148659F8F818}.Debug|Win64-arm64ec.ActiveCfg = Win64_arm64ec_Debug|x64
		{4E8744D5-A17B-35F0-B960-148659F8F818}.Debug|Win64-arm64ec.Build.0 = Win64_arm64ec_Debug|x64
		{4E8744D5-A17B-35F0-B960-148659F8F818}.Development Client|Win64.ActiveCfg = Invalid|x64
		{4E8744D5-A17B-35F0-B960-148659F8F818}.Development Client|Win64-arm64.ActiveCfg = Invalid|x64
		{4E8744D5-A17B-35F0-B960-148659F8F818}.Development Client|Win64-arm64ec.ActiveCfg = Invalid|x64
		{4E8744D5-A17B-35F0-B960-148659F8F818}.Development Editor|Win64.ActiveCfg = Development_Editor|x64
		{4E8744D5-A17B-35F0-B960-148659F8F818}.Development Editor|Win64.Build.0 = Development_Editor|x64
		{4E8744D5-A17B-35F0-B960-148659F8F818}.Development Editor|Win64-arm64.ActiveCfg = Win64_arm64_Development_Editor|x64
		{4E8744D5-A17B-35F0-B960-148659F8F818}.Development Editor|Win64-arm64.Build.0 = Win64_arm64_Development_Editor|x64
		{4E8744D5-A17B-35F0-B960-148659F8F818}.Development Editor|Win64-arm64ec.ActiveCfg = Win64_arm64ec_Development_Editor|x64
		{4E8744D5-A17B-35F0-B960-148659F8F818}.Development Editor|Win64-arm64ec.Build.0 = Win64_arm64ec_Development_Editor|x64
		{4E8744D5-A17B-35F0-B960-148659F8F818}.Development Server|Win64.ActiveCfg = Invalid|x64
		{4E8744D5-A17B-35F0-B960-148659F8F818}.Development Server|Win64-arm64.ActiveCfg = Invalid|x64
		{4E8744D5-A17B-35F0-B960-148659F8F818}.Development Server|Win64-arm64ec.ActiveCfg = Invalid|x64
		{4E8744D5-A17B-35F0-B960-148659F8F818}.Development|Win64.ActiveCfg = Development|x64
		{4E8744D5-A17B-35F0-B960-148659F8F818}.Development|Win64.Build.0 = Development|x64
		{4E8744D5-A17B-35F0-B960-148659F8F818}.Development|Win64-arm64.ActiveCfg = Win64_arm64_Development|x64
		{4E8744D5-A17B-35F0-B960-148659F8F818}.Development|Win64-arm64.Build.0 = Win64_arm64_Development|x64
		{4E8744D5-A17B-35F0-B960-148659F8F818}.Development|Win64-arm64ec.ActiveCfg = Win64_arm64ec_Development|x64
		{4E8744D5-A17B-35F0-B960-148659F8F818}.Development|Win64-arm64ec.Build.0 = Win64_arm64ec_Development|x64
		{4E8744D5-A17B-35F0-B960-148659F8F818}.Shipping Client|Win64.ActiveCfg = Invalid|x64
		{4E8744D5-A17B-35F0-B960-148659F8F818}.Shipping Client|Win64-arm64.ActiveCfg = Invalid|x64
		{4E8744D5-A17B-35F0-B960-148659F8F818}.Shipping Client|Win64-arm64ec.ActiveCfg = Invalid|x64
		{4E8744D5-A17B-35F0-B960-148659F8F818}.Shipping Server|Win64.ActiveCfg = Invalid|x64
		{4E8744D5-A17B-35F0-B960-148659F8F818}.Shipping Server|Win64-arm64.ActiveCfg = Invalid|x64
		{4E8744D5-A17B-35F0-B960-148659F8F818}.Shipping Server|Win64-arm64ec.ActiveCfg = Invalid|x64
		{4E8744D5-A17B-35F0-B960-148659F8F818}.Shipping|Win64.ActiveCfg = Shipping|x64
		{4E8744D5-A17B-35F0-B960-148659F8F818}.Shipping|Win64.Build.0 = Shipping|x64
		{4E8744D5-A17B-35F0-B960-148659F8F818}.Shipping|Win64-arm64.ActiveCfg = Win64_arm64_Shipping|x64
		{4E8744D5-A17B-35F0-B960-148659F8F818}.Shipping|Win64-arm64.Build.0 = Win64_arm64_Shipping|x64
		{4E8744D5-A17B-35F0-B960-148659F8F818}.Shipping|Win64-arm64ec.ActiveCfg = Win64_arm64ec_Shipping|x64
		{4E8744D5-A17B-35F0-B960-148659F8F818}.Shipping|Win64-arm64ec.Build.0 = Win64_arm64ec_Shipping|x64
		{4E8744D5-A17B-35F0-B960-148659F8F818}.Test Client|Win64.ActiveCfg = Invalid|x64
		{4E8744D5-A17B-35F0-B960-148659F8F818}.Test Client|Win64-arm64.ActiveCfg = Invalid|x64
		{4E8744D5-A17B-35F0-B960-148659F8F818}.Test Client|Win64-arm64ec.ActiveCfg = Invalid|x64
		{4E8744D5-A17B-35F0-B960-148659F8F818}.Test Server|Win64.ActiveCfg = Invalid|x64
		{4E8744D5-A17B-35F0-B960-148659F8F818}.Test Server|Win64-arm64.ActiveCfg = Invalid|x64
		{4E8744D5-A17B-35F0-B960-148659F8F818}.Test Server|Win64-arm64ec.ActiveCfg = Invalid|x64
		{4E8744D5-A17B-35F0-B960-148659F8F818}.Test|Win64.ActiveCfg = Test|x64
		{4E8744D5-A17B-35F0-B960-148659F8F818}.Test|Win64.Build.0 = Test|x64
		{4E8744D5-A17B-35F0-B960-148659F8F818}.Test|Win64-arm64.ActiveCfg = Win64_arm64_Test|x64
		{4E8744D5-A17B-35F0-B960-148659F8F818}.Test|Win64-arm64.Build.0 = Win64_arm64_Test|x64
		{4E8744D5-A17B-35F0-B960-148659F8F818}.Test|Win64-arm64ec.ActiveCfg = Win64_arm64ec_Test|x64
		{4E8744D5-A17B-35F0-B960-148659F8F818}.Test|Win64-arm64ec.Build.0 = Win64_arm64ec_Test|x64
		{E288FD9A-8319-34FB-B836-DA1CFA324035}.Debug Client|Win64.ActiveCfg = Debug|Any CPU
		{E288FD9A-8319-34FB-B836-DA1CFA324035}.Debug Client|Win64.Build.0 = Debug|Any CPU
		{E288FD9A-8319-34FB-B836-DA1CFA324035}.Debug Client|Win64-arm64.ActiveCfg = Debug|Any CPU
		{E288FD9A-8319-34FB-B836-DA1CFA324035}.Debug Client|Win64-arm64.Build.0 = Debug|Any CPU
		{E288FD9A-8319-34FB-B836-DA1CFA324035}.Debug Client|Win64-arm64ec.ActiveCfg = Debug|Any CPU
		{E288FD9A-8319-34FB-B836-DA1CFA324035}.Debug Client|Win64-arm64ec.Build.0 = Debug|Any CPU
		{E288FD9A-8319-34FB-B836-DA1CFA324035}.Debug Editor|Win64.ActiveCfg = Debug|Any CPU
		{E288FD9A-8319-34FB-B836-DA1CFA324035}.Debug Editor|Win64.Build.0 = Debug|Any CPU
		{E288FD9A-8319-34FB-B836-DA1CFA324035}.Debug Editor|Win64-arm64.ActiveCfg = Debug|Any CPU
		{E288FD9A-8319-34FB-B836-DA1CFA324035}.Debug Editor|Win64-arm64.Build.0 = Debug|Any CPU
		{E288FD9A-8319-34FB-B836-DA1CFA324035}.Debug Editor|Win64-arm64ec.ActiveCfg = Debug|Any CPU
		{E288FD9A-8319-34FB-B836-DA1CFA324035}.Debug Editor|Win64-arm64ec.Build.0 = Debug|Any CPU
		{E288FD9A-8319-34FB-B836-DA1CFA324035}.Debug Server|Win64.ActiveCfg = Debug|Any CPU
		{E288FD9A-8319-34FB-B836-DA1CFA324035}.Debug Server|Win64.Build.0 = Debug|Any CPU
		{E288FD9A-8319-34FB-B836-DA1CFA324035}.Debug Server|Win64-arm64.ActiveCfg = Debug|Any CPU
		{E288FD9A-8319-34FB-B836-DA1CFA324035}.Debug Server|Win64-arm64.Build.0 = Debug|Any CPU
		{E288FD9A-8319-34FB-B836-DA1CFA324035}.Debug Server|Win64-arm64ec.ActiveCfg = Debug|Any CPU
		{E288FD9A-8319-34FB-B836-DA1CFA324035}.Debug Server|Win64-arm64ec.Build.0 = Debug|Any CPU
		{E288FD9A-8319-34FB-B836-DA1CFA324035}.DebugGame Client|Win64.ActiveCfg = Development|Any CPU
		{E288FD9A-8319-34FB-B836-DA1CFA324035}.DebugGame Client|Win64.Build.0 = Development|Any CPU
		{E288FD9A-8319-34FB-B836-DA1CFA324035}.DebugGame Client|Win64-arm64.ActiveCfg = Development|Any CPU
		{E288FD9A-8319-34FB-B836-DA1CFA324035}.DebugGame Client|Win64-arm64.Build.0 = Development|Any CPU
		{E288FD9A-8319-34FB-B836-DA1CFA324035}.DebugGame Client|Win64-arm64ec.ActiveCfg = Development|Any CPU
		{E288FD9A-8319-34FB-B836-DA1CFA324035}.DebugGame Client|Win64-arm64ec.Build.0 = Development|Any CPU
		{E288FD9A-8319-34FB-B836-DA1CFA324035}.DebugGame Editor|Win64.ActiveCfg = Development|Any CPU
		{E288FD9A-8319-34FB-B836-DA1CFA324035}.DebugGame Editor|Win64.Build.0 = Development|Any CPU
		{E288FD9A-8319-34FB-B836-DA1CFA324035}.DebugGame Editor|Win64-arm64.ActiveCfg = Development|Any CPU
		{E288FD9A-8319-34FB-B836-DA1CFA324035}.DebugGame Editor|Win64-arm64.Build.0 = Development|Any CPU
		{E288FD9A-8319-34FB-B836-DA1CFA324035}.DebugGame Editor|Win64-arm64ec.ActiveCfg = Development|Any CPU
		{E288FD9A-8319-34FB-B836-DA1CFA324035}.DebugGame Editor|Win64-arm64ec.Build.0 = Development|Any CPU
		{E288FD9A-8319-34FB-B836-DA1CFA324035}.DebugGame Server|Win64.ActiveCfg = Development|Any CPU
		{E288FD9A-8319-34FB-B836-DA1CFA324035}.DebugGame Server|Win64.Build.0 = Development|Any CPU
		{E288FD9A-8319-34FB-B836-DA1CFA324035}.DebugGame Server|Win64-arm64.ActiveCfg = Development|Any CPU
		{E288FD9A-8319-34FB-B836-DA1CFA324035}.DebugGame Server|Win64-arm64.Build.0 = Development|Any CPU
		{E288FD9A-8319-34FB-B836-DA1CFA324035}.DebugGame Server|Win64-arm64ec.ActiveCfg = Development|Any CPU
		{E288FD9A-8319-34FB-B836-DA1CFA324035}.DebugGame Server|Win64-arm64ec.Build.0 = Development|Any CPU
		{E288FD9A-8319-34FB-B836-DA1CFA324035}.DebugGame|Win64.ActiveCfg = Development|Any CPU
		{E288FD9A-8319-34FB-B836-DA1CFA324035}.DebugGame|Win64.Build.0 = Development|Any CPU
		{E288FD9A-8319-34FB-B836-DA1CFA324035}.DebugGame|Win64-arm64.ActiveCfg = Development|Any CPU
		{E288FD9A-8319-34FB-B836-DA1CFA324035}.DebugGame|Win64-arm64.Build.0 = Development|Any CPU
		{E288FD9A-8319-34FB-B836-DA1CFA324035}.DebugGame|Win64-arm64ec.ActiveCfg = Development|Any CPU
		{E288FD9A-8319-34FB-B836-DA1CFA324035}.DebugGame|Win64-arm64ec.Build.0 = Development|Any CPU
		{E288FD9A-8319-34FB-B836-DA1CFA324035}.Debug|Win64.ActiveCfg = Debug|Any CPU
		{E288FD9A-8319-34FB-B836-DA1CFA324035}.Debug|Win64.Build.0 = Debug|Any CPU
		{E288FD9A-8319-34FB-B836-DA1CFA324035}.Debug|Win64-arm64.ActiveCfg = Debug|Any CPU
		{E288FD9A-8319-34FB-B836-DA1CFA324035}.Debug|Win64-arm64.Build.0 = Debug|Any CPU
		{E288FD9A-8319-34FB-B836-DA1CFA324035}.Debug|Win64-arm64ec.ActiveCfg = Debug|Any CPU
		{E288FD9A-8319-34FB-B836-DA1CFA324035}.Debug|Win64-arm64ec.Build.0 = Debug|Any CPU
		{E288FD9A-8319-34FB-B836-DA1CFA324035}.Development Client|Win64.ActiveCfg = Development|Any CPU
		{E288FD9A-8319-34FB-B836-DA1CFA324035}.Development Client|Win64.Build.0 = Development|Any CPU
		{E288FD9A-8319-34FB-B836-DA1CFA324035}.Development Client|Win64-arm64.ActiveCfg = Development|Any CPU
		{E288FD9A-8319-34FB-B836-DA1CFA324035}.Development Client|Win64-arm64.Build.0 = Development|Any CPU
		{E288FD9A-8319-34FB-B836-DA1CFA324035}.Development Client|Win64-arm64ec.ActiveCfg = Development|Any CPU
		{E288FD9A-8319-34FB-B836-DA1CFA324035}.Development Client|Win64-arm64ec.Build.0 = Development|Any CPU
		{E288FD9A-8319-34FB-B836-DA1CFA324035}.Development Editor|Win64.ActiveCfg = Development|Any CPU
		{E288FD9A-8319-34FB-B836-DA1CFA324035}.Development Editor|Win64.Build.0 = Development|Any CPU
		{E288FD9A-8319-34FB-B836-DA1CFA324035}.Development Editor|Win64-arm64.ActiveCfg = Development|Any CPU
		{E288FD9A-8319-34FB-B836-DA1CFA324035}.Development Editor|Win64-arm64.Build.0 = Development|Any CPU
		{E288FD9A-8319-34FB-B836-DA1CFA324035}.Development Editor|Win64-arm64ec.ActiveCfg = Development|Any CPU
		{E288FD9A-8319-34FB-B836-DA1CFA324035}.Development Editor|Win64-arm64ec.Build.0 = Development|Any CPU
		{E288FD9A-8319-34FB-B836-DA1CFA324035}.Development Server|Win64.ActiveCfg = Development|Any CPU
		{E288FD9A-8319-34FB-B836-DA1CFA324035}.Development Server|Win64.Build.0 = Development|Any CPU
		{E288FD9A-8319-34FB-B836-DA1CFA324035}.Development Server|Win64-arm64.ActiveCfg = Development|Any CPU
		{E288FD9A-8319-34FB-B836-DA1CFA324035}.Development Server|Win64-arm64.Build.0 = Development|Any CPU
		{E288FD9A-8319-34FB-B836-DA1CFA324035}.Development Server|Win64-arm64ec.ActiveCfg = Development|Any CPU
		{E288FD9A-8319-34FB-B836-DA1CFA324035}.Development Server|Win64-arm64ec.Build.0 = Development|Any CPU
		{E288FD9A-8319-34FB-B836-DA1CFA324035}.Development|Win64.ActiveCfg = Development|Any CPU
		{E288FD9A-8319-34FB-B836-DA1CFA324035}.Development|Win64.Build.0 = Development|Any CPU
		{E288FD9A-8319-34FB-B836-DA1CFA324035}.Development|Win64-arm64.ActiveCfg = Development|Any CPU
		{E288FD9A-8319-34FB-B836-DA1CFA324035}.Development|Win64-arm64.Build.0 = Development|Any CPU
		{E288FD9A-8319-34FB-B836-DA1CFA324035}.Development|Win64-arm64ec.ActiveCfg = Development|Any CPU
		{E288FD9A-8319-34FB-B836-DA1CFA324035}.Development|Win64-arm64ec.Build.0 = Development|Any CPU
		{E288FD9A-8319-34FB-B836-DA1CFA324035}.Shipping Client|Win64.ActiveCfg = Development|Any CPU
		{E288FD9A-8319-34FB-B836-DA1CFA324035}.Shipping Client|Win64.Build.0 = Development|Any CPU
		{E288FD9A-8319-34FB-B836-DA1CFA324035}.Shipping Client|Win64-arm64.ActiveCfg = Development|Any CPU
		{E288FD9A-8319-34FB-B836-DA1CFA324035}.Shipping Client|Win64-arm64.Build.0 = Development|Any CPU
		{E288FD9A-8319-34FB-B836-DA1CFA324035}.Shipping Client|Win64-arm64ec.ActiveCfg = Development|Any CPU
		{E288FD9A-8319-34FB-B836-DA1CFA324035}.Shipping Client|Win64-arm64ec.Build.0 = Development|Any CPU
		{E288FD9A-8319-34FB-B836-DA1CFA324035}.Shipping Server|Win64.ActiveCfg = Development|Any CPU
		{E288FD9A-8319-34FB-B836-DA1CFA324035}.Shipping Server|Win64.Build.0 = Development|Any CPU
		{E288FD9A-8319-34FB-B836-DA1CFA324035}.Shipping Server|Win64-arm64.ActiveCfg = Development|Any CPU
		{E288FD9A-8319-34FB-B836-DA1CFA324035}.Shipping Server|Win64-arm64.Build.0 = Development|Any CPU
		{E288FD9A-8319-34FB-B836-DA1CFA324035}.Shipping Server|Win64-arm64ec.ActiveCfg = Development|Any CPU
		{E288FD9A-8319-34FB-B836-DA1CFA324035}.Shipping Server|Win64-arm64ec.Build.0 = Development|Any CPU
		{E288FD9A-8319-34FB-B836-DA1CFA324035}.Shipping|Win64.ActiveCfg = Development|Any CPU
		{E288FD9A-8319-34FB-B836-DA1CFA324035}.Shipping|Win64.Build.0 = Development|Any CPU
		{E288FD9A-8319-34FB-B836-DA1CFA324035}.Shipping|Win64-arm64.ActiveCfg = Development|Any CPU
		{E288FD9A-8319-34FB-B836-DA1CFA324035}.Shipping|Win64-arm64.Build.0 = Development|Any CPU
		{E288FD9A-8319-34FB-B836-DA1CFA324035}.Shipping|Win64-arm64ec.ActiveCfg = Development|Any CPU
		{E288FD9A-8319-34FB-B836-DA1CFA324035}.Shipping|Win64-arm64ec.Build.0 = Development|Any CPU
		{E288FD9A-8319-34FB-B836-DA1CFA324035}.Test Client|Win64.ActiveCfg = Development|Any CPU
		{E288FD9A-8319-34FB-B836-DA1CFA324035}.Test Client|Win64.Build.0 = Development|Any CPU
		{E288FD9A-8319-34FB-B836-DA1CFA324035}.Test Client|Win64-arm64.ActiveCfg = Development|Any CPU
		{E288FD9A-8319-34FB-B836-DA1CFA324035}.Test Client|Win64-arm64.Build.0 = Development|Any CPU
		{E288FD9A-8319-34FB-B836-DA1CFA324035}.Test Client|Win64-arm64ec.ActiveCfg = Development|Any CPU
		{E288FD9A-8319-34FB-B836-DA1CFA324035}.Test Client|Win64-arm64ec.Build.0 = Development|Any CPU
		{E288FD9A-8319-34FB-B836-DA1CFA324035}.Test Server|Win64.ActiveCfg = Development|Any CPU
		{E288FD9A-8319-34FB-B836-DA1CFA324035}.Test Server|Win64.Build.0 = Development|Any CPU
		{E288FD9A-8319-34FB-B836-DA1CFA324035}.Test Server|Win64-arm64.ActiveCfg = Development|Any CPU
		{E288FD9A-8319-34FB-B836-DA1CFA324035}.Test Server|Win64-arm64.Build.0 = Development|Any CPU
		{E288FD9A-8319-34FB-B836-DA1CFA324035}.Test Server|Win64-arm64ec.ActiveCfg = Development|Any CPU
		{E288FD9A-8319-34FB-B836-DA1CFA324035}.Test Server|Win64-arm64ec.Build.0 = Development|Any CPU
		{E288FD9A-8319-34FB-B836-DA1CFA324035}.Test|Win64.ActiveCfg = Development|Any CPU
		{E288FD9A-8319-34FB-B836-DA1CFA324035}.Test|Win64.Build.0 = Development|Any CPU
		{E288FD9A-8319-34FB-B836-DA1CFA324035}.Test|Win64-arm64.ActiveCfg = Development|Any CPU
		{E288FD9A-8319-34FB-B836-DA1CFA324035}.Test|Win64-arm64.Build.0 = Development|Any CPU
		{E288FD9A-8319-34FB-B836-DA1CFA324035}.Test|Win64-arm64ec.ActiveCfg = Development|Any CPU
		{E288FD9A-8319-34FB-B836-DA1CFA324035}.Test|Win64-arm64ec.Build.0 = Development|Any CPU
		{8D5C6414-9CB3-3EFD-A536-27FE80A6651B}.Debug Client|Win64.ActiveCfg = Debug|Any CPU
		{8D5C6414-9CB3-3EFD-A536-27FE80A6651B}.Debug Client|Win64.Build.0 = Debug|Any CPU
		{8D5C6414-9CB3-3EFD-A536-27FE80A6651B}.Debug Client|Win64-arm64.ActiveCfg = Debug|Any CPU
		{8D5C6414-9CB3-3EFD-A536-27FE80A6651B}.Debug Client|Win64-arm64.Build.0 = Debug|Any CPU
		{8D5C6414-9CB3-3EFD-A536-27FE80A6651B}.Debug Client|Win64-arm64ec.ActiveCfg = Debug|Any CPU
		{8D5C6414-9CB3-3EFD-A536-27FE80A6651B}.Debug Client|Win64-arm64ec.Build.0 = Debug|Any CPU
		{8D5C6414-9CB3-3EFD-A536-27FE80A6651B}.Debug Editor|Win64.ActiveCfg = Debug|Any CPU
		{8D5C6414-9CB3-3EFD-A536-27FE80A6651B}.Debug Editor|Win64.Build.0 = Debug|Any CPU
		{8D5C6414-9CB3-3EFD-A536-27FE80A6651B}.Debug Editor|Win64-arm64.ActiveCfg = Debug|Any CPU
		{8D5C6414-9CB3-3EFD-A536-27FE80A6651B}.Debug Editor|Win64-arm64.Build.0 = Debug|Any CPU
		{8D5C6414-9CB3-3EFD-A536-27FE80A6651B}.Debug Editor|Win64-arm64ec.ActiveCfg = Debug|Any CPU
		{8D5C6414-9CB3-3EFD-A536-27FE80A6651B}.Debug Editor|Win64-arm64ec.Build.0 = Debug|Any CPU
		{8D5C6414-9CB3-3EFD-A536-27FE80A6651B}.Debug Server|Win64.ActiveCfg = Debug|Any CPU
		{8D5C6414-9CB3-3EFD-A536-27FE80A6651B}.Debug Server|Win64.Build.0 = Debug|Any CPU
		{8D5C6414-9CB3-3EFD-A536-27FE80A6651B}.Debug Server|Win64-arm64.ActiveCfg = Debug|Any CPU
		{8D5C6414-9CB3-3EFD-A536-27FE80A6651B}.Debug Server|Win64-arm64.Build.0 = Debug|Any CPU
		{8D5C6414-9CB3-3EFD-A536-27FE80A6651B}.Debug Server|Win64-arm64ec.ActiveCfg = Debug|Any CPU
		{8D5C6414-9CB3-3EFD-A536-27FE80A6651B}.Debug Server|Win64-arm64ec.Build.0 = Debug|Any CPU
		{8D5C6414-9CB3-3EFD-A536-27FE80A6651B}.DebugGame Client|Win64.ActiveCfg = Development|Any CPU
		{8D5C6414-9CB3-3EFD-A536-27FE80A6651B}.DebugGame Client|Win64.Build.0 = Development|Any CPU
		{8D5C6414-9CB3-3EFD-A536-27FE80A6651B}.DebugGame Client|Win64-arm64.ActiveCfg = Development|Any CPU
		{8D5C6414-9CB3-3EFD-A536-27FE80A6651B}.DebugGame Client|Win64-arm64.Build.0 = Development|Any CPU
		{8D5C6414-9CB3-3EFD-A536-27FE80A6651B}.DebugGame Client|Win64-arm64ec.ActiveCfg = Development|Any CPU
		{8D5C6414-9CB3-3EFD-A536-27FE80A6651B}.DebugGame Client|Win64-arm64ec.Build.0 = Development|Any CPU
		{8D5C6414-9CB3-3EFD-A536-27FE80A6651B}.DebugGame Editor|Win64.ActiveCfg = Development|Any CPU
		{8D5C6414-9CB3-3EFD-A536-27FE80A6651B}.DebugGame Editor|Win64.Build.0 = Development|Any CPU
		{8D5C6414-9CB3-3EFD-A536-27FE80A6651B}.DebugGame Editor|Win64-arm64.ActiveCfg = Development|Any CPU
		{8D5C6414-9CB3-3EFD-A536-27FE80A6651B}.DebugGame Editor|Win64-arm64.Build.0 = Development|Any CPU
		{8D5C6414-9CB3-3EFD-A536-27FE80A6651B}.DebugGame Editor|Win64-arm64ec.ActiveCfg = Development|Any CPU
		{8D5C6414-9CB3-3EFD-A536-27FE80A6651B}.DebugGame Editor|Win64-arm64ec.Build.0 = Development|Any CPU
		{8D5C6414-9CB3-3EFD-A536-27FE80A6651B}.DebugGame Server|Win64.ActiveCfg = Development|Any CPU
		{8D5C6414-9CB3-3EFD-A536-27FE80A6651B}.DebugGame Server|Win64.Build.0 = Development|Any CPU
		{8D5C6414-9CB3-3EFD-A536-27FE80A6651B}.DebugGame Server|Win64-arm64.ActiveCfg = Development|Any CPU
		{8D5C6414-9CB3-3EFD-A536-27FE80A6651B}.DebugGame Server|Win64-arm64.Build.0 = Development|Any CPU
		{8D5C6414-9CB3-3EFD-A536-27FE80A6651B}.DebugGame Server|Win64-arm64ec.ActiveCfg = Development|Any CPU
		{8D5C6414-9CB3-3EFD-A536-27FE80A6651B}.DebugGame Server|Win64-arm64ec.Build.0 = Development|Any CPU
		{8D5C6414-9CB3-3EFD-A536-27FE80A6651B}.DebugGame|Win64.ActiveCfg = Development|Any CPU
		{8D5C6414-9CB3-3EFD-A536-27FE80A6651B}.DebugGame|Win64.Build.0 = Development|Any CPU
		{8D5C6414-9CB3-3EFD-A536-27FE80A6651B}.DebugGame|Win64-arm64.ActiveCfg = Development|Any CPU
		{8D5C6414-9CB3-3EFD-A536-27FE80A6651B}.DebugGame|Win64-arm64.Build.0 = Development|Any CPU
		{8D5C6414-9CB3-3EFD-A536-27FE80A6651B}.DebugGame|Win64-arm64ec.ActiveCfg = Development|Any CPU
		{8D5C6414-9CB3-3EFD-A536-27FE80A6651B}.DebugGame|Win64-arm64ec.Build.0 = Development|Any CPU
		{8D5C6414-9CB3-3EFD-A536-27FE80A6651B}.Debug|Win64.ActiveCfg = Debug|Any CPU
		{8D5C6414-9CB3-3EFD-A536-27FE80A6651B}.Debug|Win64.Build.0 = Debug|Any CPU
		{8D5C6414-9CB3-3EFD-A536-27FE80A6651B}.Debug|Win64-arm64.ActiveCfg = Debug|Any CPU
		{8D5C6414-9CB3-3EFD-A536-27FE80A6651B}.Debug|Win64-arm64.Build.0 = Debug|Any CPU
		{8D5C6414-9CB3-3EFD-A536-27FE80A6651B}.Debug|Win64-arm64ec.ActiveCfg = Debug|Any CPU
		{8D5C6414-9CB3-3EFD-A536-27FE80A6651B}.Debug|Win64-arm64ec.Build.0 = Debug|Any CPU
		{8D5C6414-9CB3-3EFD-A536-27FE80A6651B}.Development Client|Win64.ActiveCfg = Development|Any CPU
		{8D5C6414-9CB3-3EFD-A536-27FE80A6651B}.Development Client|Win64.Build.0 = Development|Any CPU
		{8D5C6414-9CB3-3EFD-A536-27FE80A6651B}.Development Client|Win64-arm64.ActiveCfg = Development|Any CPU
		{8D5C6414-9CB3-3EFD-A536-27FE80A6651B}.Development Client|Win64-arm64.Build.0 = Development|Any CPU
		{8D5C6414-9CB3-3EFD-A536-27FE80A6651B}.Development Client|Win64-arm64ec.ActiveCfg = Development|Any CPU
		{8D5C6414-9CB3-3EFD-A536-27FE80A6651B}.Development Client|Win64-arm64ec.Build.0 = Development|Any CPU
		{8D5C6414-9CB3-3EFD-A536-27FE80A6651B}.Development Editor|Win64.ActiveCfg = Development|Any CPU
		{8D5C6414-9CB3-3EFD-A536-27FE80A6651B}.Development Editor|Win64.Build.0 = Development|Any CPU
		{8D5C6414-9CB3-3EFD-A536-27FE80A6651B}.Development Editor|Win64-arm64.ActiveCfg = Development|Any CPU
		{8D5C6414-9CB3-3EFD-A536-27FE80A6651B}.Development Editor|Win64-arm64.Build.0 = Development|Any CPU
		{8D5C6414-9CB3-3EFD-A536-27FE80A6651B}.Development Editor|Win64-arm64ec.ActiveCfg = Development|Any CPU
		{8D5C6414-9CB3-3EFD-A536-27FE80A6651B}.Development Editor|Win64-arm64ec.Build.0 = Development|Any CPU
		{8D5C6414-9CB3-3EFD-A536-27FE80A6651B}.Development Server|Win64.ActiveCfg = Development|Any CPU
		{8D5C6414-9CB3-3EFD-A536-27FE80A6651B}.Development Server|Win64.Build.0 = Development|Any CPU
		{8D5C6414-9CB3-3EFD-A536-27FE80A6651B}.Development Server|Win64-arm64.ActiveCfg = Development|Any CPU
		{8D5C6414-9CB3-3EFD-A536-27FE80A6651B}.Development Server|Win64-arm64.Build.0 = Development|Any CPU
		{8D5C6414-9CB3-3EFD-A536-27FE80A6651B}.Development Server|Win64-arm64ec.ActiveCfg = Development|Any CPU
		{8D5C6414-9CB3-3EFD-A536-27FE80A6651B}.Development Server|Win64-arm64ec.Build.0 = Development|Any CPU
		{8D5C6414-9CB3-3EFD-A536-27FE80A6651B}.Development|Win64.ActiveCfg = Development|Any CPU
		{8D5C6414-9CB3-3EFD-A536-27FE80A6651B}.Development|Win64.Build.0 = Development|Any CPU
		{8D5C6414-9CB3-3EFD-A536-27FE80A6651B}.Development|Win64-arm64.ActiveCfg = Development|Any CPU
		{8D5C6414-9CB3-3EFD-A536-27FE80A6651B}.Development|Win64-arm64.Build.0 = Development|Any CPU
		{8D5C6414-9CB3-3EFD-A536-27FE80A6651B}.Development|Win64-arm64ec.ActiveCfg = Development|Any CPU
		{8D5C6414-9CB3-3EFD-A536-27FE80A6651B}.Development|Win64-arm64ec.Build.0 = Development|Any CPU
		{8D5C6414-9CB3-3EFD-A536-27FE80A6651B}.Shipping Client|Win64.ActiveCfg = Development|Any CPU
		{8D5C6414-9CB3-3EFD-A536-27FE80A6651B}.Shipping Client|Win64.Build.0 = Development|Any CPU
		{8D5C6414-9CB3-3EFD-A536-27FE80A6651B}.Shipping Client|Win64-arm64.ActiveCfg = Development|Any CPU
		{8D5C6414-9CB3-3EFD-A536-27FE80A6651B}.Shipping Client|Win64-arm64.Build.0 = Development|Any CPU
		{8D5C6414-9CB3-3EFD-A536-27FE80A6651B}.Shipping Client|Win64-arm64ec.ActiveCfg = Development|Any CPU
		{8D5C6414-9CB3-3EFD-A536-27FE80A6651B}.Shipping Client|Win64-arm64ec.Build.0 = Development|Any CPU
		{8D5C6414-9CB3-3EFD-A536-27FE80A6651B}.Shipping Server|Win64.ActiveCfg = Development|Any CPU
		{8D5C6414-9CB3-3EFD-A536-27FE80A6651B}.Shipping Server|Win64.Build.0 = Development|Any CPU
		{8D5C6414-9CB3-3EFD-A536-27FE80A6651B}.Shipping Server|Win64-arm64.ActiveCfg = Development|Any CPU
		{8D5C6414-9CB3-3EFD-A536-27FE80A6651B}.Shipping Server|Win64-arm64.Build.0 = Development|Any CPU
		{8D5C6414-9CB3-3EFD-A536-27FE80A6651B}.Shipping Server|Win64-arm64ec.ActiveCfg = Development|Any CPU
		{8D5C6414-9CB3-3EFD-A536-27FE80A6651B}.Shipping Server|Win64-arm64ec.Build.0 = Development|Any CPU
		{8D5C6414-9CB3-3EFD-A536-27FE80A6651B}.Shipping|Win64.ActiveCfg = Development|Any CPU
		{8D5C6414-9CB3-3EFD-A536-27FE80A6651B}.Shipping|Win64.Build.0 = Development|Any CPU
		{8D5C6414-9CB3-3EFD-A536-27FE80A6651B}.Shipping|Win64-arm64.ActiveCfg = Development|Any CPU
		{8D5C6414-9CB3-3EFD-A536-27FE80A6651B}.Shipping|Win64-arm64.Build.0 = Development|Any CPU
		{8D5C6414-9CB3-3EFD-A536-27FE80A6651B}.Shipping|Win64-arm64ec.ActiveCfg = Development|Any CPU
		{8D5C6414-9CB3-3EFD-A536-27FE80A6651B}.Shipping|Win64-arm64ec.Build.0 = Development|Any CPU
		{8D5C6414-9CB3-3EFD-A536-27FE80A6651B}.Test Client|Win64.ActiveCfg = Development|Any CPU
		{8D5C6414-9CB3-3EFD-A536-27FE80A6651B}.Test Client|Win64.Build.0 = Development|Any CPU
		{8D5C6414-9CB3-3EFD-A536-27FE80A6651B}.Test Client|Win64-arm64.ActiveCfg = Development|Any CPU
		{8D5C6414-9CB3-3EFD-A536-27FE80A6651B}.Test Client|Win64-arm64.Build.0 = Development|Any CPU
		{8D5C6414-9CB3-3EFD-A536-27FE80A6651B}.Test Client|Win64-arm64ec.ActiveCfg = Development|Any CPU
		{8D5C6414-9CB3-3EFD-A536-27FE80A6651B}.Test Client|Win64-arm64ec.Build.0 = Development|Any CPU
		{8D5C6414-9CB3-3EFD-A536-27FE80A6651B}.Test Server|Win64.ActiveCfg = Development|Any CPU
		{8D5C6414-9CB3-3EFD-A536-27FE80A6651B}.Test Server|Win64.Build.0 = Development|Any CPU
		{8D5C6414-9CB3-3EFD-A536-27FE80A6651B}.Test Server|Win64-arm64.ActiveCfg = Development|Any CPU
		{8D5C6414-9CB3-3EFD-A536-27FE80A6651B}.Test Server|Win64-arm64.Build.0 = Development|Any CPU
		{8D5C6414-9CB3-3EFD-A536-27FE80A6651B}.Test Server|Win64-arm64ec.ActiveCfg = Development|Any CPU
		{8D5C6414-9CB3-3EFD-A536-27FE80A6651B}.Test Server|Win64-arm64ec.Build.0 = Development|Any CPU
		{8D5C6414-9CB3-3EFD-A536-27FE80A6651B}.Test|Win64.ActiveCfg = Development|Any CPU
		{8D5C6414-9CB3-3EFD-A536-27FE80A6651B}.Test|Win64.Build.0 = Development|Any CPU
		{8D5C6414-9CB3-3EFD-A536-27FE80A6651B}.Test|Win64-arm64.ActiveCfg = Development|Any CPU
		{8D5C6414-9CB3-3EFD-A536-27FE80A6651B}.Test|Win64-arm64.Build.0 = Development|Any CPU
		{8D5C6414-9CB3-3EFD-A536-27FE80A6651B}.Test|Win64-arm64ec.ActiveCfg = Development|Any CPU
		{8D5C6414-9CB3-3EFD-A536-27FE80A6651B}.Test|Win64-arm64ec.Build.0 = Development|Any CPU
		{E0092661-A41D-3A76-A90F-C990F854E540}.Debug Client|Win64.ActiveCfg = Debug|Any CPU
		{E0092661-A41D-3A76-A90F-C990F854E540}.Debug Client|Win64.Build.0 = Debug|Any CPU
		{E0092661-A41D-3A76-A90F-C990F854E540}.Debug Client|Win64-arm64.ActiveCfg = Debug|Any CPU
		{E0092661-A41D-3A76-A90F-C990F854E540}.Debug Client|Win64-arm64.Build.0 = Debug|Any CPU
		{E0092661-A41D-3A76-A90F-C990F854E540}.Debug Client|Win64-arm64ec.ActiveCfg = Debug|Any CPU
		{E0092661-A41D-3A76-A90F-C990F854E540}.Debug Client|Win64-arm64ec.Build.0 = Debug|Any CPU
		{E0092661-A41D-3A76-A90F-C990F854E540}.Debug Editor|Win64.ActiveCfg = Debug|Any CPU
		{E0092661-A41D-3A76-A90F-C990F854E540}.Debug Editor|Win64.Build.0 = Debug|Any CPU
		{E0092661-A41D-3A76-A90F-C990F854E540}.Debug Editor|Win64-arm64.ActiveCfg = Debug|Any CPU
		{E0092661-A41D-3A76-A90F-C990F854E540}.Debug Editor|Win64-arm64.Build.0 = Debug|Any CPU
		{E0092661-A41D-3A76-A90F-C990F854E540}.Debug Editor|Win64-arm64ec.ActiveCfg = Debug|Any CPU
		{E0092661-A41D-3A76-A90F-C990F854E540}.Debug Editor|Win64-arm64ec.Build.0 = Debug|Any CPU
		{E0092661-A41D-3A76-A90F-C990F854E540}.Debug Server|Win64.ActiveCfg = Debug|Any CPU
		{E0092661-A41D-3A76-A90F-C990F854E540}.Debug Server|Win64.Build.0 = Debug|Any CPU
		{E0092661-A41D-3A76-A90F-C990F854E540}.Debug Server|Win64-arm64.ActiveCfg = Debug|Any CPU
		{E0092661-A41D-3A76-A90F-C990F854E540}.Debug Server|Win64-arm64.Build.0 = Debug|Any CPU
		{E0092661-A41D-3A76-A90F-C990F854E540}.Debug Server|Win64-arm64ec.ActiveCfg = Debug|Any CPU
		{E0092661-A41D-3A76-A90F-C990F854E540}.Debug Server|Win64-arm64ec.Build.0 = Debug|Any CPU
		{E0092661-A41D-3A76-A90F-C990F854E540}.DebugGame Client|Win64.ActiveCfg = Development|Any CPU
		{E0092661-A41D-3A76-A90F-C990F854E540}.DebugGame Client|Win64.Build.0 = Development|Any CPU
		{E0092661-A41D-3A76-A90F-C990F854E540}.DebugGame Client|Win64-arm64.ActiveCfg = Development|Any CPU
		{E0092661-A41D-3A76-A90F-C990F854E540}.DebugGame Client|Win64-arm64.Build.0 = Development|Any CPU
		{E0092661-A41D-3A76-A90F-C990F854E540}.DebugGame Client|Win64-arm64ec.ActiveCfg = Development|Any CPU
		{E0092661-A41D-3A76-A90F-C990F854E540}.DebugGame Client|Win64-arm64ec.Build.0 = Development|Any CPU
		{E0092661-A41D-3A76-A90F-C990F854E540}.DebugGame Editor|Win64.ActiveCfg = Development|Any CPU
		{E0092661-A41D-3A76-A90F-C990F854E540}.DebugGame Editor|Win64.Build.0 = Development|Any CPU
		{E0092661-A41D-3A76-A90F-C990F854E540}.DebugGame Editor|Win64-arm64.ActiveCfg = Development|Any CPU
		{E0092661-A41D-3A76-A90F-C990F854E540}.DebugGame Editor|Win64-arm64.Build.0 = Development|Any CPU
		{E0092661-A41D-3A76-A90F-C990F854E540}.DebugGame Editor|Win64-arm64ec.ActiveCfg = Development|Any CPU
		{E0092661-A41D-3A76-A90F-C990F854E540}.DebugGame Editor|Win64-arm64ec.Build.0 = Development|Any CPU
		{E0092661-A41D-3A76-A90F-C990F854E540}.DebugGame Server|Win64.ActiveCfg = Development|Any CPU
		{E0092661-A41D-3A76-A90F-C990F854E540}.DebugGame Server|Win64.Build.0 = Development|Any CPU
		{E0092661-A41D-3A76-A90F-C990F854E540}.DebugGame Server|Win64-arm64.ActiveCfg = Development|Any CPU
		{E0092661-A41D-3A76-A90F-C990F854E540}.DebugGame Server|Win64-arm64.Build.0 = Development|Any CPU
		{E0092661-A41D-3A76-A90F-C990F854E540}.DebugGame Server|Win64-arm64ec.ActiveCfg = Development|Any CPU
		{E0092661-A41D-3A76-A90F-C990F854E540}.DebugGame Server|Win64-arm64ec.Build.0 = Development|Any CPU
		{E0092661-A41D-3A76-A90F-C990F854E540}.DebugGame|Win64.ActiveCfg = Development|Any CPU
		{E0092661-A41D-3A76-A90F-C990F854E540}.DebugGame|Win64.Build.0 = Development|Any CPU
		{E0092661-A41D-3A76-A90F-C990F854E540}.DebugGame|Win64-arm64.ActiveCfg = Development|Any CPU
		{E0092661-A41D-3A76-A90F-C990F854E540}.DebugGame|Win64-arm64.Build.0 = Development|Any CPU
		{E0092661-A41D-3A76-A90F-C990F854E540}.DebugGame|Win64-arm64ec.ActiveCfg = Development|Any CPU
		{E0092661-A41D-3A76-A90F-C990F854E540}.DebugGame|Win64-arm64ec.Build.0 = Development|Any CPU
		{E0092661-A41D-3A76-A90F-C990F854E540}.Debug|Win64.ActiveCfg = Debug|Any CPU
		{E0092661-A41D-3A76-A90F-C990F854E540}.Debug|Win64.Build.0 = Debug|Any CPU
		{E0092661-A41D-3A76-A90F-C990F854E540}.Debug|Win64-arm64.ActiveCfg = Debug|Any CPU
		{E0092661-A41D-3A76-A90F-C990F854E540}.Debug|Win64-arm64.Build.0 = Debug|Any CPU
		{E0092661-A41D-3A76-A90F-C990F854E540}.Debug|Win64-arm64ec.ActiveCfg = Debug|Any CPU
		{E0092661-A41D-3A76-A90F-C990F854E540}.Debug|Win64-arm64ec.Build.0 = Debug|Any CPU
		{E0092661-A41D-3A76-A90F-C990F854E540}.Development Client|Win64.ActiveCfg = Development|Any CPU
		{E0092661-A41D-3A76-A90F-C990F854E540}.Development Client|Win64.Build.0 = Development|Any CPU
		{E0092661-A41D-3A76-A90F-C990F854E540}.Development Client|Win64-arm64.ActiveCfg = Development|Any CPU
		{E0092661-A41D-3A76-A90F-C990F854E540}.Development Client|Win64-arm64.Build.0 = Development|Any CPU
		{E0092661-A41D-3A76-A90F-C990F854E540}.Development Client|Win64-arm64ec.ActiveCfg = Development|Any CPU
		{E0092661-A41D-3A76-A90F-C990F854E540}.Development Client|Win64-arm64ec.Build.0 = Development|Any CPU
		{E0092661-A41D-3A76-A90F-C990F854E540}.Development Editor|Win64.ActiveCfg = Development|Any CPU
		{E0092661-A41D-3A76-A90F-C990F854E540}.Development Editor|Win64.Build.0 = Development|Any CPU
		{E0092661-A41D-3A76-A90F-C990F854E540}.Development Editor|Win64-arm64.ActiveCfg = Development|Any CPU
		{E0092661-A41D-3A76-A90F-C990F854E540}.Development Editor|Win64-arm64.Build.0 = Development|Any CPU
		{E0092661-A41D-3A76-A90F-C990F854E540}.Development Editor|Win64-arm64ec.ActiveCfg = Development|Any CPU
		{E0092661-A41D-3A76-A90F-C990F854E540}.Development Editor|Win64-arm64ec.Build.0 = Development|Any CPU
		{E0092661-A41D-3A76-A90F-C990F854E540}.Development Server|Win64.ActiveCfg = Development|Any CPU
		{E0092661-A41D-3A76-A90F-C990F854E540}.Development Server|Win64.Build.0 = Development|Any CPU
		{E0092661-A41D-3A76-A90F-C990F854E540}.Development Server|Win64-arm64.ActiveCfg = Development|Any CPU
		{E0092661-A41D-3A76-A90F-C990F854E540}.Development Server|Win64-arm64.Build.0 = Development|Any CPU
		{E0092661-A41D-3A76-A90F-C990F854E540}.Development Server|Win64-arm64ec.ActiveCfg = Development|Any CPU
		{E0092661-A41D-3A76-A90F-C990F854E540}.Development Server|Win64-arm64ec.Build.0 = Development|Any CPU
		{E0092661-A41D-3A76-A90F-C990F854E540}.Development|Win64.ActiveCfg = Development|Any CPU
		{E0092661-A41D-3A76-A90F-C990F854E540}.Development|Win64.Build.0 = Development|Any CPU
		{E0092661-A41D-3A76-A90F-C990F854E540}.Development|Win64-arm64.ActiveCfg = Development|Any CPU
		{E0092661-A41D-3A76-A90F-C990F854E540}.Development|Win64-arm64.Build.0 = Development|Any CPU
		{E0092661-A41D-3A76-A90F-C990F854E540}.Development|Win64-arm64ec.ActiveCfg = Development|Any CPU
		{E0092661-A41D-3A76-A90F-C990F854E540}.Development|Win64-arm64ec.Build.0 = Development|Any CPU
		{E0092661-A41D-3A76-A90F-C990F854E540}.Shipping Client|Win64.ActiveCfg = Development|Any CPU
		{E0092661-A41D-3A76-A90F-C990F854E540}.Shipping Client|Win64.Build.0 = Development|Any CPU
		{E0092661-A41D-3A76-A90F-C990F854E540}.Shipping Client|Win64-arm64.ActiveCfg = Development|Any CPU
		{E0092661-A41D-3A76-A90F-C990F854E540}.Shipping Client|Win64-arm64.Build.0 = Development|Any CPU
		{E0092661-A41D-3A76-A90F-C990F854E540}.Shipping Client|Win64-arm64ec.ActiveCfg = Development|Any CPU
		{E0092661-A41D-3A76-A90F-C990F854E540}.Shipping Client|Win64-arm64ec.Build.0 = Development|Any CPU
		{E0092661-A41D-3A76-A90F-C990F854E540}.Shipping Server|Win64.ActiveCfg = Development|Any CPU
		{E0092661-A41D-3A76-A90F-C990F854E540}.Shipping Server|Win64.Build.0 = Development|Any CPU
		{E0092661-A41D-3A76-A90F-C990F854E540}.Shipping Server|Win64-arm64.ActiveCfg = Development|Any CPU
		{E0092661-A41D-3A76-A90F-C990F854E540}.Shipping Server|Win64-arm64.Build.0 = Development|Any CPU
		{E0092661-A41D-3A76-A90F-C990F854E540}.Shipping Server|Win64-arm64ec.ActiveCfg = Development|Any CPU
		{E0092661-A41D-3A76-A90F-C990F854E540}.Shipping Server|Win64-arm64ec.Build.0 = Development|Any CPU
		{E0092661-A41D-3A76-A90F-C990F854E540}.Shipping|Win64.ActiveCfg = Development|Any CPU
		{E0092661-A41D-3A76-A90F-C990F854E540}.Shipping|Win64.Build.0 = Development|Any CPU
		{E0092661-A41D-3A76-A90F-C990F854E540}.Shipping|Win64-arm64.ActiveCfg = Development|Any CPU
		{E0092661-A41D-3A76-A90F-C990F854E540}.Shipping|Win64-arm64.Build.0 = Development|Any CPU
		{E0092661-A41D-3A76-A90F-C990F854E540}.Shipping|Win64-arm64ec.ActiveCfg = Development|Any CPU
		{E0092661-A41D-3A76-A90F-C990F854E540}.Shipping|Win64-arm64ec.Build.0 = Development|Any CPU
		{E0092661-A41D-3A76-A90F-C990F854E540}.Test Client|Win64.ActiveCfg = Development|Any CPU
		{E0092661-A41D-3A76-A90F-C990F854E540}.Test Client|Win64.Build.0 = Development|Any CPU
		{E0092661-A41D-3A76-A90F-C990F854E540}.Test Client|Win64-arm64.ActiveCfg = Development|Any CPU
		{E0092661-A41D-3A76-A90F-C990F854E540}.Test Client|Win64-arm64.Build.0 = Development|Any CPU
		{E0092661-A41D-3A76-A90F-C990F854E540}.Test Client|Win64-arm64ec.ActiveCfg = Development|Any CPU
		{E0092661-A41D-3A76-A90F-C990F854E540}.Test Client|Win64-arm64ec.Build.0 = Development|Any CPU
		{E0092661-A41D-3A76-A90F-C990F854E540}.Test Server|Win64.ActiveCfg = Development|Any CPU
		{E0092661-A41D-3A76-A90F-C990F854E540}.Test Server|Win64.Build.0 = Development|Any CPU
		{E0092661-A41D-3A76-A90F-C990F854E540}.Test Server|Win64-arm64.ActiveCfg = Development|Any CPU
		{E0092661-A41D-3A76-A90F-C990F854E540}.Test Server|Win64-arm64.Build.0 = Development|Any CPU
		{E0092661-A41D-3A76-A90F-C990F854E540}.Test Server|Win64-arm64ec.ActiveCfg = Development|Any CPU
		{E0092661-A41D-3A76-A90F-C990F854E540}.Test Server|Win64-arm64ec.Build.0 = Development|Any CPU
		{E0092661-A41D-3A76-A90F-C990F854E540}.Test|Win64.ActiveCfg = Development|Any CPU
		{E0092661-A41D-3A76-A90F-C990F854E540}.Test|Win64.Build.0 = Development|Any CPU
		{E0092661-A41D-3A76-A90F-C990F854E540}.Test|Win64-arm64.ActiveCfg = Development|Any CPU
		{E0092661-A41D-3A76-A90F-C990F854E540}.Test|Win64-arm64.Build.0 = Development|Any CPU
		{E0092661-A41D-3A76-A90F-C990F854E540}.Test|Win64-arm64ec.ActiveCfg = Development|Any CPU
		{E0092661-A41D-3A76-A90F-C990F854E540}.Test|Win64-arm64ec.Build.0 = Development|Any CPU
		{4C4952DE-61FD-395D-A79E-98765DFB6D3D}.Debug Client|Win64.ActiveCfg = Debug|Any CPU
		{4C4952DE-61FD-395D-A79E-98765DFB6D3D}.Debug Client|Win64.Build.0 = Debug|Any CPU
		{4C4952DE-61FD-395D-A79E-98765DFB6D3D}.Debug Client|Win64-arm64.ActiveCfg = Debug|Any CPU
		{4C4952DE-61FD-395D-A79E-98765DFB6D3D}.Debug Client|Win64-arm64.Build.0 = Debug|Any CPU
		{4C4952DE-61FD-395D-A79E-98765DFB6D3D}.Debug Client|Win64-arm64ec.ActiveCfg = Debug|Any CPU
		{4C4952DE-61FD-395D-A79E-98765DFB6D3D}.Debug Client|Win64-arm64ec.Build.0 = Debug|Any CPU
		{4C4952DE-61FD-395D-A79E-98765DFB6D3D}.Debug Editor|Win64.ActiveCfg = Debug|Any CPU
		{4C4952DE-61FD-395D-A79E-98765DFB6D3D}.Debug Editor|Win64.Build.0 = Debug|Any CPU
		{4C4952DE-61FD-395D-A79E-98765DFB6D3D}.Debug Editor|Win64-arm64.ActiveCfg = Debug|Any CPU
		{4C4952DE-61FD-395D-A79E-98765DFB6D3D}.Debug Editor|Win64-arm64.Build.0 = Debug|Any CPU
		{4C4952DE-61FD-395D-A79E-98765DFB6D3D}.Debug Editor|Win64-arm64ec.ActiveCfg = Debug|Any CPU
		{4C4952DE-61FD-395D-A79E-98765DFB6D3D}.Debug Editor|Win64-arm64ec.Build.0 = Debug|Any CPU
		{4C4952DE-61FD-395D-A79E-98765DFB6D3D}.Debug Server|Win64.ActiveCfg = Debug|Any CPU
		{4C4952DE-61FD-395D-A79E-98765DFB6D3D}.Debug Server|Win64.Build.0 = Debug|Any CPU
		{4C4952DE-61FD-395D-A79E-98765DFB6D3D}.Debug Server|Win64-arm64.ActiveCfg = Debug|Any CPU
		{4C4952DE-61FD-395D-A79E-98765DFB6D3D}.Debug Server|Win64-arm64.Build.0 = Debug|Any CPU
		{4C4952DE-61FD-395D-A79E-98765DFB6D3D}.Debug Server|Win64-arm64ec.ActiveCfg = Debug|Any CPU
		{4C4952DE-61FD-395D-A79E-98765DFB6D3D}.Debug Server|Win64-arm64ec.Build.0 = Debug|Any CPU
		{4C4952DE-61FD-395D-A79E-98765DFB6D3D}.DebugGame Client|Win64.ActiveCfg = Development|Any CPU
		{4C4952DE-61FD-395D-A79E-98765DFB6D3D}.DebugGame Client|Win64.Build.0 = Development|Any CPU
		{4C4952DE-61FD-395D-A79E-98765DFB6D3D}.DebugGame Client|Win64-arm64.ActiveCfg = Development|Any CPU
		{4C4952DE-61FD-395D-A79E-98765DFB6D3D}.DebugGame Client|Win64-arm64.Build.0 = Development|Any CPU
		{4C4952DE-61FD-395D-A79E-98765DFB6D3D}.DebugGame Client|Win64-arm64ec.ActiveCfg = Development|Any CPU
		{4C4952DE-61FD-395D-A79E-98765DFB6D3D}.DebugGame Client|Win64-arm64ec.Build.0 = Development|Any CPU
		{4C4952DE-61FD-395D-A79E-98765DFB6D3D}.DebugGame Editor|Win64.ActiveCfg = Development|Any CPU
		{4C4952DE-61FD-395D-A79E-98765DFB6D3D}.DebugGame Editor|Win64.Build.0 = Development|Any CPU
		{4C4952DE-61FD-395D-A79E-98765DFB6D3D}.DebugGame Editor|Win64-arm64.ActiveCfg = Development|Any CPU
		{4C4952DE-61FD-395D-A79E-98765DFB6D3D}.DebugGame Editor|Win64-arm64.Build.0 = Development|Any CPU
		{4C4952DE-61FD-395D-A79E-98765DFB6D3D}.DebugGame Editor|Win64-arm64ec.ActiveCfg = Development|Any CPU
		{4C4952DE-61FD-395D-A79E-98765DFB6D3D}.DebugGame Editor|Win64-arm64ec.Build.0 = Development|Any CPU
		{4C4952DE-61FD-395D-A79E-98765DFB6D3D}.DebugGame Server|Win64.ActiveCfg = Development|Any CPU
		{4C4952DE-61FD-395D-A79E-98765DFB6D3D}.DebugGame Server|Win64.Build.0 = Development|Any CPU
		{4C4952DE-61FD-395D-A79E-98765DFB6D3D}.DebugGame Server|Win64-arm64.ActiveCfg = Development|Any CPU
		{4C4952DE-61FD-395D-A79E-98765DFB6D3D}.DebugGame Server|Win64-arm64.Build.0 = Development|Any CPU
		{4C4952DE-61FD-395D-A79E-98765DFB6D3D}.DebugGame Server|Win64-arm64ec.ActiveCfg = Development|Any CPU
		{4C4952DE-61FD-395D-A79E-98765DFB6D3D}.DebugGame Server|Win64-arm64ec.Build.0 = Development|Any CPU
		{4C4952DE-61FD-395D-A79E-98765DFB6D3D}.DebugGame|Win64.ActiveCfg = Development|Any CPU
		{4C4952DE-61FD-395D-A79E-98765DFB6D3D}.DebugGame|Win64.Build.0 = Development|Any CPU
		{4C4952DE-61FD-395D-A79E-98765DFB6D3D}.DebugGame|Win64-arm64.ActiveCfg = Development|Any CPU
		{4C4952DE-61FD-395D-A79E-98765DFB6D3D}.DebugGame|Win64-arm64.Build.0 = Development|Any CPU
		{4C4952DE-61FD-395D-A79E-98765DFB6D3D}.DebugGame|Win64-arm64ec.ActiveCfg = Development|Any CPU
		{4C4952DE-61FD-395D-A79E-98765DFB6D3D}.DebugGame|Win64-arm64ec.Build.0 = Development|Any CPU
		{4C4952DE-61FD-395D-A79E-98765DFB6D3D}.Debug|Win64.ActiveCfg = Debug|Any CPU
		{4C4952DE-61FD-395D-A79E-98765DFB6D3D}.Debug|Win64.Build.0 = Debug|Any CPU
		{4C4952DE-61FD-395D-A79E-98765DFB6D3D}.Debug|Win64-arm64.ActiveCfg = Debug|Any CPU
		{4C4952DE-61FD-395D-A79E-98765DFB6D3D}.Debug|Win64-arm64.Build.0 = Debug|Any CPU
		{4C4952DE-61FD-395D-A79E-98765DFB6D3D}.Debug|Win64-arm64ec.ActiveCfg = Debug|Any CPU
		{4C4952DE-61FD-395D-A79E-98765DFB6D3D}.Debug|Win64-arm64ec.Build.0 = Debug|Any CPU
		{4C4952DE-61FD-395D-A79E-98765DFB6D3D}.Development Client|Win64.ActiveCfg = Development|Any CPU
		{4C4952DE-61FD-395D-A79E-98765DFB6D3D}.Development Client|Win64.Build.0 = Development|Any CPU
		{4C4952DE-61FD-395D-A79E-98765DFB6D3D}.Development Client|Win64-arm64.ActiveCfg = Development|Any CPU
		{4C4952DE-61FD-395D-A79E-98765DFB6D3D}.Development Client|Win64-arm64.Build.0 = Development|Any CPU
		{4C4952DE-61FD-395D-A79E-98765DFB6D3D}.Development Client|Win64-arm64ec.ActiveCfg = Development|Any CPU
		{4C4952DE-61FD-395D-A79E-98765DFB6D3D}.Development Client|Win64-arm64ec.Build.0 = Development|Any CPU
		{4C4952DE-61FD-395D-A79E-98765DFB6D3D}.Development Editor|Win64.ActiveCfg = Development|Any CPU
		{4C4952DE-61FD-395D-A79E-98765DFB6D3D}.Development Editor|Win64.Build.0 = Development|Any CPU
		{4C4952DE-61FD-395D-A79E-98765DFB6D3D}.Development Editor|Win64-arm64.ActiveCfg = Development|Any CPU
		{4C4952DE-61FD-395D-A79E-98765DFB6D3D}.Development Editor|Win64-arm64.Build.0 = Development|Any CPU
		{4C4952DE-61FD-395D-A79E-98765DFB6D3D}.Development Editor|Win64-arm64ec.ActiveCfg = Development|Any CPU
		{4C4952DE-61FD-395D-A79E-98765DFB6D3D}.Development Editor|Win64-arm64ec.Build.0 = Development|Any CPU
		{4C4952DE-61FD-395D-A79E-98765DFB6D3D}.Development Server|Win64.ActiveCfg = Development|Any CPU
		{4C4952DE-61FD-395D-A79E-98765DFB6D3D}.Development Server|Win64.Build.0 = Development|Any CPU
		{4C4952DE-61FD-395D-A79E-98765DFB6D3D}.Development Server|Win64-arm64.ActiveCfg = Development|Any CPU
		{4C4952DE-61FD-395D-A79E-98765DFB6D3D}.Development Server|Win64-arm64.Build.0 = Development|Any CPU
		{4C4952DE-61FD-395D-A79E-98765DFB6D3D}.Development Server|Win64-arm64ec.ActiveCfg = Development|Any CPU
		{4C4952DE-61FD-395D-A79E-98765DFB6D3D}.Development Server|Win64-arm64ec.Build.0 = Development|Any CPU
		{4C4952DE-61FD-395D-A79E-98765DFB6D3D}.Development|Win64.ActiveCfg = Development|Any CPU
		{4C4952DE-61FD-395D-A79E-98765DFB6D3D}.Development|Win64.Build.0 = Development|Any CPU
		{4C4952DE-61FD-395D-A79E-98765DFB6D3D}.Development|Win64-arm64.ActiveCfg = Development|Any CPU
		{4C4952DE-61FD-395D-A79E-98765DFB6D3D}.Development|Win64-arm64.Build.0 = Development|Any CPU
		{4C4952DE-61FD-395D-A79E-98765DFB6D3D}.Development|Win64-arm64ec.ActiveCfg = Development|Any CPU
		{4C4952DE-61FD-395D-A79E-98765DFB6D3D}.Development|Win64-arm64ec.Build.0 = Development|Any CPU
		{4C4952DE-61FD-395D-A79E-98765DFB6D3D}.Shipping Client|Win64.ActiveCfg = Development|Any CPU
		{4C4952DE-61FD-395D-A79E-98765DFB6D3D}.Shipping Client|Win64.Build.0 = Development|Any CPU
		{4C4952DE-61FD-395D-A79E-98765DFB6D3D}.Shipping Client|Win64-arm64.ActiveCfg = Development|Any CPU
		{4C4952DE-61FD-395D-A79E-98765DFB6D3D}.Shipping Client|Win64-arm64.Build.0 = Development|Any CPU
		{4C4952DE-61FD-395D-A79E-98765DFB6D3D}.Shipping Client|Win64-arm64ec.ActiveCfg = Development|Any CPU
		{4C4952DE-61FD-395D-A79E-98765DFB6D3D}.Shipping Client|Win64-arm64ec.Build.0 = Development|Any CPU
		{4C4952DE-61FD-395D-A79E-98765DFB6D3D}.Shipping Server|Win64.ActiveCfg = Development|Any CPU
		{4C4952DE-61FD-395D-A79E-98765DFB6D3D}.Shipping Server|Win64.Build.0 = Development|Any CPU
		{4C4952DE-61FD-395D-A79E-98765DFB6D3D}.Shipping Server|Win64-arm64.ActiveCfg = Development|Any CPU
		{4C4952DE-61FD-395D-A79E-98765DFB6D3D}.Shipping Server|Win64-arm64.Build.0 = Development|Any CPU
		{4C4952DE-61FD-395D-A79E-98765DFB6D3D}.Shipping Server|Win64-arm64ec.ActiveCfg = Development|Any CPU
		{4C4952DE-61FD-395D-A79E-98765DFB6D3D}.Shipping Server|Win64-arm64ec.Build.0 = Development|Any CPU
		{4C4952DE-61FD-395D-A79E-98765DFB6D3D}.Shipping|Win64.ActiveCfg = Development|Any CPU
		{4C4952DE-61FD-395D-A79E-98765DFB6D3D}.Shipping|Win64.Build.0 = Development|Any CPU
		{4C4952DE-61FD-395D-A79E-98765DFB6D3D}.Shipping|Win64-arm64.ActiveCfg = Development|Any CPU
		{4C4952DE-61FD-395D-A79E-98765DFB6D3D}.Shipping|Win64-arm64.Build.0 = Development|Any CPU
		{4C4952DE-61FD-395D-A79E-98765DFB6D3D}.Shipping|Win64-arm64ec.ActiveCfg = Development|Any CPU
		{4C4952DE-61FD-395D-A79E-98765DFB6D3D}.Shipping|Win64-arm64ec.Build.0 = Development|Any CPU
		{4C4952DE-61FD-395D-A79E-98765DFB6D3D}.Test Client|Win64.ActiveCfg = Development|Any CPU
		{4C4952DE-61FD-395D-A79E-98765DFB6D3D}.Test Client|Win64.Build.0 = Development|Any CPU
		{4C4952DE-61FD-395D-A79E-98765DFB6D3D}.Test Client|Win64-arm64.ActiveCfg = Development|Any CPU
		{4C4952DE-61FD-395D-A79E-98765DFB6D3D}.Test Client|Win64-arm64.Build.0 = Development|Any CPU
		{4C4952DE-61FD-395D-A79E-98765DFB6D3D}.Test Client|Win64-arm64ec.ActiveCfg = Development|Any CPU
		{4C4952DE-61FD-395D-A79E-98765DFB6D3D}.Test Client|Win64-arm64ec.Build.0 = Development|Any CPU
		{4C4952DE-61FD-395D-A79E-98765DFB6D3D}.Test Server|Win64.ActiveCfg = Development|Any CPU
		{4C4952DE-61FD-395D-A79E-98765DFB6D3D}.Test Server|Win64.Build.0 = Development|Any CPU
		{4C4952DE-61FD-395D-A79E-98765DFB6D3D}.Test Server|Win64-arm64.ActiveCfg = Development|Any CPU
		{4C4952DE-61FD-395D-A79E-98765DFB6D3D}.Test Server|Win64-arm64.Build.0 = Development|Any CPU
		{4C4952DE-61FD-395D-A79E-98765DFB6D3D}.Test Server|Win64-arm64ec.ActiveCfg = Development|Any CPU
		{4C4952DE-61FD-395D-A79E-98765DFB6D3D}.Test Server|Win64-arm64ec.Build.0 = Development|Any CPU
		{4C4952DE-61FD-395D-A79E-98765DFB6D3D}.Test|Win64.ActiveCfg = Development|Any CPU
		{4C4952DE-61FD-395D-A79E-98765DFB6D3D}.Test|Win64.Build.0 = Development|Any CPU
		{4C4952DE-61FD-395D-A79E-98765DFB6D3D}.Test|Win64-arm64.ActiveCfg = Development|Any CPU
		{4C4952DE-61FD-395D-A79E-98765DFB6D3D}.Test|Win64-arm64.Build.0 = Development|Any CPU
		{4C4952DE-61FD-395D-A79E-98765DFB6D3D}.Test|Win64-arm64ec.ActiveCfg = Development|Any CPU
		{4C4952DE-61FD-395D-A79E-98765DFB6D3D}.Test|Win64-arm64ec.Build.0 = Development|Any CPU
		{4ACB6F1D-4D57-3AB6-959D-6F30B8612304}.Debug Client|Win64.ActiveCfg = Debug|Any CPU
		{4ACB6F1D-4D57-3AB6-959D-6F30B8612304}.Debug Client|Win64.Build.0 = Debug|Any CPU
		{4ACB6F1D-4D57-3AB6-959D-6F30B8612304}.Debug Client|Win64-arm64.ActiveCfg = Debug|Any CPU
		{4ACB6F1D-4D57-3AB6-959D-6F30B8612304}.Debug Client|Win64-arm64.Build.0 = Debug|Any CPU
		{4ACB6F1D-4D57-3AB6-959D-6F30B8612304}.Debug Client|Win64-arm64ec.ActiveCfg = Debug|Any CPU
		{4ACB6F1D-4D57-3AB6-959D-6F30B8612304}.Debug Client|Win64-arm64ec.Build.0 = Debug|Any CPU
		{4ACB6F1D-4D57-3AB6-959D-6F30B8612304}.Debug Editor|Win64.ActiveCfg = Debug|Any CPU
		{4ACB6F1D-4D57-3AB6-959D-6F30B8612304}.Debug Editor|Win64.Build.0 = Debug|Any CPU
		{4ACB6F1D-4D57-3AB6-959D-6F30B8612304}.Debug Editor|Win64-arm64.ActiveCfg = Debug|Any CPU
		{4ACB6F1D-4D57-3AB6-959D-6F30B8612304}.Debug Editor|Win64-arm64.Build.0 = Debug|Any CPU
		{4ACB6F1D-4D57-3AB6-959D-6F30B8612304}.Debug Editor|Win64-arm64ec.ActiveCfg = Debug|Any CPU
		{4ACB6F1D-4D57-3AB6-959D-6F30B8612304}.Debug Editor|Win64-arm64ec.Build.0 = Debug|Any CPU
		{4ACB6F1D-4D57-3AB6-959D-6F30B8612304}.Debug Server|Win64.ActiveCfg = Debug|Any CPU
		{4ACB6F1D-4D57-3AB6-959D-6F30B8612304}.Debug Server|Win64.Build.0 = Debug|Any CPU
		{4ACB6F1D-4D57-3AB6-959D-6F30B8612304}.Debug Server|Win64-arm64.ActiveCfg = Debug|Any CPU
		{4ACB6F1D-4D57-3AB6-959D-6F30B8612304}.Debug Server|Win64-arm64.Build.0 = Debug|Any CPU
		{4ACB6F1D-4D57-3AB6-959D-6F30B8612304}.Debug Server|Win64-arm64ec.ActiveCfg = Debug|Any CPU
		{4ACB6F1D-4D57-3AB6-959D-6F30B8612304}.Debug Server|Win64-arm64ec.Build.0 = Debug|Any CPU
		{4ACB6F1D-4D57-3AB6-959D-6F30B8612304}.DebugGame Client|Win64.ActiveCfg = Development|Any CPU
		{4ACB6F1D-4D57-3AB6-959D-6F30B8612304}.DebugGame Client|Win64.Build.0 = Development|Any CPU
		{4ACB6F1D-4D57-3AB6-959D-6F30B8612304}.DebugGame Client|Win64-arm64.ActiveCfg = Development|Any CPU
		{4ACB6F1D-4D57-3AB6-959D-6F30B8612304}.DebugGame Client|Win64-arm64.Build.0 = Development|Any CPU
		{4ACB6F1D-4D57-3AB6-959D-6F30B8612304}.DebugGame Client|Win64-arm64ec.ActiveCfg = Development|Any CPU
		{4ACB6F1D-4D57-3AB6-959D-6F30B8612304}.DebugGame Client|Win64-arm64ec.Build.0 = Development|Any CPU
		{4ACB6F1D-4D57-3AB6-959D-6F30B8612304}.DebugGame Editor|Win64.ActiveCfg = Development|Any CPU
		{4ACB6F1D-4D57-3AB6-959D-6F30B8612304}.DebugGame Editor|Win64.Build.0 = Development|Any CPU
		{4ACB6F1D-4D57-3AB6-959D-6F30B8612304}.DebugGame Editor|Win64-arm64.ActiveCfg = Development|Any CPU
		{4ACB6F1D-4D57-3AB6-959D-6F30B8612304}.DebugGame Editor|Win64-arm64.Build.0 = Development|Any CPU
		{4ACB6F1D-4D57-3AB6-959D-6F30B8612304}.DebugGame Editor|Win64-arm64ec.ActiveCfg = Development|Any CPU
		{4ACB6F1D-4D57-3AB6-959D-6F30B8612304}.DebugGame Editor|Win64-arm64ec.Build.0 = Development|Any CPU
		{4ACB6F1D-4D57-3AB6-959D-6F30B8612304}.DebugGame Server|Win64.ActiveCfg = Development|Any CPU
		{4ACB6F1D-4D57-3AB6-959D-6F30B8612304}.DebugGame Server|Win64.Build.0 = Development|Any CPU
		{4ACB6F1D-4D57-3AB6-959D-6F30B8612304}.DebugGame Server|Win64-arm64.ActiveCfg = Development|Any CPU
		{4ACB6F1D-4D57-3AB6-959D-6F30B8612304}.DebugGame Server|Win64-arm64.Build.0 = Development|Any CPU
		{4ACB6F1D-4D57-3AB6-959D-6F30B8612304}.DebugGame Server|Win64-arm64ec.ActiveCfg = Development|Any CPU
		{4ACB6F1D-4D57-3AB6-959D-6F30B8612304}.DebugGame Server|Win64-arm64ec.Build.0 = Development|Any CPU
		{4ACB6F1D-4D57-3AB6-959D-6F30B8612304}.DebugGame|Win64.ActiveCfg = Development|Any CPU
		{4ACB6F1D-4D57-3AB6-959D-6F30B8612304}.DebugGame|Win64.Build.0 = Development|Any CPU
		{4ACB6F1D-4D57-3AB6-959D-6F30B8612304}.DebugGame|Win64-arm64.ActiveCfg = Development|Any CPU
		{4ACB6F1D-4D57-3AB6-959D-6F30B8612304}.DebugGame|Win64-arm64.Build.0 = Development|Any CPU
		{4ACB6F1D-4D57-3AB6-959D-6F30B8612304}.DebugGame|Win64-arm64ec.ActiveCfg = Development|Any CPU
		{4ACB6F1D-4D57-3AB6-959D-6F30B8612304}.DebugGame|Win64-arm64ec.Build.0 = Development|Any CPU
		{4ACB6F1D-4D57-3AB6-959D-6F30B8612304}.Debug|Win64.ActiveCfg = Debug|Any CPU
		{4ACB6F1D-4D57-3AB6-959D-6F30B8612304}.Debug|Win64.Build.0 = Debug|Any CPU
		{4ACB6F1D-4D57-3AB6-959D-6F30B8612304}.Debug|Win64-arm64.ActiveCfg = Debug|Any CPU
		{4ACB6F1D-4D57-3AB6-959D-6F30B8612304}.Debug|Win64-arm64.Build.0 = Debug|Any CPU
		{4ACB6F1D-4D57-3AB6-959D-6F30B8612304}.Debug|Win64-arm64ec.ActiveCfg = Debug|Any CPU
		{4ACB6F1D-4D57-3AB6-959D-6F30B8612304}.Debug|Win64-arm64ec.Build.0 = Debug|Any CPU
		{4ACB6F1D-4D57-3AB6-959D-6F30B8612304}.Development Client|Win64.ActiveCfg = Development|Any CPU
		{4ACB6F1D-4D57-3AB6-959D-6F30B8612304}.Development Client|Win64.Build.0 = Development|Any CPU
		{4ACB6F1D-4D57-3AB6-959D-6F30B8612304}.Development Client|Win64-arm64.ActiveCfg = Development|Any CPU
		{4ACB6F1D-4D57-3AB6-959D-6F30B8612304}.Development Client|Win64-arm64.Build.0 = Development|Any CPU
		{4ACB6F1D-4D57-3AB6-959D-6F30B8612304}.Development Client|Win64-arm64ec.ActiveCfg = Development|Any CPU
		{4ACB6F1D-4D57-3AB6-959D-6F30B8612304}.Development Client|Win64-arm64ec.Build.0 = Development|Any CPU
		{4ACB6F1D-4D57-3AB6-959D-6F30B8612304}.Development Editor|Win64.ActiveCfg = Development|Any CPU
		{4ACB6F1D-4D57-3AB6-959D-6F30B8612304}.Development Editor|Win64.Build.0 = Development|Any CPU
		{4ACB6F1D-4D57-3AB6-959D-6F30B8612304}.Development Editor|Win64-arm64.ActiveCfg = Development|Any CPU
		{4ACB6F1D-4D57-3AB6-959D-6F30B8612304}.Development Editor|Win64-arm64.Build.0 = Development|Any CPU
		{4ACB6F1D-4D57-3AB6-959D-6F30B8612304}.Development Editor|Win64-arm64ec.ActiveCfg = Development|Any CPU
		{4ACB6F1D-4D57-3AB6-959D-6F30B8612304}.Development Editor|Win64-arm64ec.Build.0 = Development|Any CPU
		{4ACB6F1D-4D57-3AB6-959D-6F30B8612304}.Development Server|Win64.ActiveCfg = Development|Any CPU
		{4ACB6F1D-4D57-3AB6-959D-6F30B8612304}.Development Server|Win64.Build.0 = Development|Any CPU
		{4ACB6F1D-4D57-3AB6-959D-6F30B8612304}.Development Server|Win64-arm64.ActiveCfg = Development|Any CPU
		{4ACB6F1D-4D57-3AB6-959D-6F30B8612304}.Development Server|Win64-arm64.Build.0 = Development|Any CPU
		{4ACB6F1D-4D57-3AB6-959D-6F30B8612304}.Development Server|Win64-arm64ec.ActiveCfg = Development|Any CPU
		{4ACB6F1D-4D57-3AB6-959D-6F30B8612304}.Development Server|Win64-arm64ec.Build.0 = Development|Any CPU
		{4ACB6F1D-4D57-3AB6-959D-6F30B8612304}.Development|Win64.ActiveCfg = Development|Any CPU
		{4ACB6F1D-4D57-3AB6-959D-6F30B8612304}.Development|Win64.Build.0 = Development|Any CPU
		{4ACB6F1D-4D57-3AB6-959D-6F30B8612304}.Development|Win64-arm64.ActiveCfg = Development|Any CPU
		{4ACB6F1D-4D57-3AB6-959D-6F30B8612304}.Development|Win64-arm64.Build.0 = Development|Any CPU
		{4ACB6F1D-4D57-3AB6-959D-6F30B8612304}.Development|Win64-arm64ec.ActiveCfg = Development|Any CPU
		{4ACB6F1D-4D57-3AB6-959D-6F30B8612304}.Development|Win64-arm64ec.Build.0 = Development|Any CPU
		{4ACB6F1D-4D57-3AB6-959D-6F30B8612304}.Shipping Client|Win64.ActiveCfg = Development|Any CPU
		{4ACB6F1D-4D57-3AB6-959D-6F30B8612304}.Shipping Client|Win64.Build.0 = Development|Any CPU
		{4ACB6F1D-4D57-3AB6-959D-6F30B8612304}.Shipping Client|Win64-arm64.ActiveCfg = Development|Any CPU
		{4ACB6F1D-4D57-3AB6-959D-6F30B8612304}.Shipping Client|Win64-arm64.Build.0 = Development|Any CPU
		{4ACB6F1D-4D57-3AB6-959D-6F30B8612304}.Shipping Client|Win64-arm64ec.ActiveCfg = Development|Any CPU
		{4ACB6F1D-4D57-3AB6-959D-6F30B8612304}.Shipping Client|Win64-arm64ec.Build.0 = Development|Any CPU
		{4ACB6F1D-4D57-3AB6-959D-6F30B8612304}.Shipping Server|Win64.ActiveCfg = Development|Any CPU
		{4ACB6F1D-4D57-3AB6-959D-6F30B8612304}.Shipping Server|Win64.Build.0 = Development|Any CPU
		{4ACB6F1D-4D57-3AB6-959D-6F30B8612304}.Shipping Server|Win64-arm64.ActiveCfg = Development|Any CPU
		{4ACB6F1D-4D57-3AB6-959D-6F30B8612304}.Shipping Server|Win64-arm64.Build.0 = Development|Any CPU
		{4ACB6F1D-4D57-3AB6-959D-6F30B8612304}.Shipping Server|Win64-arm64ec.ActiveCfg = Development|Any CPU
		{4ACB6F1D-4D57-3AB6-959D-6F30B8612304}.Shipping Server|Win64-arm64ec.Build.0 = Development|Any CPU
		{4ACB6F1D-4D57-3AB6-959D-6F30B8612304}.Shipping|Win64.ActiveCfg = Development|Any CPU
		{4ACB6F1D-4D57-3AB6-959D-6F30B8612304}.Shipping|Win64.Build.0 = Development|Any CPU
		{4ACB6F1D-4D57-3AB6-959D-6F30B8612304}.Shipping|Win64-arm64.ActiveCfg = Development|Any CPU
		{4ACB6F1D-4D57-3AB6-959D-6F30B8612304}.Shipping|Win64-arm64.Build.0 = Development|Any CPU
		{4ACB6F1D-4D57-3AB6-959D-6F30B8612304}.Shipping|Win64-arm64ec.ActiveCfg = Development|Any CPU
		{4ACB6F1D-4D57-3AB6-959D-6F30B8612304}.Shipping|Win64-arm64ec.Build.0 = Development|Any CPU
		{4ACB6F1D-4D57-3AB6-959D-6F30B8612304}.Test Client|Win64.ActiveCfg = Development|Any CPU
		{4ACB6F1D-4D57-3AB6-959D-6F30B8612304}.Test Client|Win64.Build.0 = Development|Any CPU
		{4ACB6F1D-4D57-3AB6-959D-6F30B8612304}.Test Client|Win64-arm64.ActiveCfg = Development|Any CPU
		{4ACB6F1D-4D57-3AB6-959D-6F30B8612304}.Test Client|Win64-arm64.Build.0 = Development|Any CPU
		{4ACB6F1D-4D57-3AB6-959D-6F30B8612304}.Test Client|Win64-arm64ec.ActiveCfg = Development|Any CPU
		{4ACB6F1D-4D57-3AB6-959D-6F30B8612304}.Test Client|Win64-arm64ec.Build.0 = Development|Any CPU
		{4ACB6F1D-4D57-3AB6-959D-6F30B8612304}.Test Server|Win64.ActiveCfg = Development|Any CPU
		{4ACB6F1D-4D57-3AB6-959D-6F30B8612304}.Test Server|Win64.Build.0 = Development|Any CPU
		{4ACB6F1D-4D57-3AB6-959D-6F30B8612304}.Test Server|Win64-arm64.ActiveCfg = Development|Any CPU
		{4ACB6F1D-4D57-3AB6-959D-6F30B8612304}.Test Server|Win64-arm64.Build.0 = Development|Any CPU
		{4ACB6F1D-4D57-3AB6-959D-6F30B8612304}.Test Server|Win64-arm64ec.ActiveCfg = Development|Any CPU
		{4ACB6F1D-4D57-3AB6-959D-6F30B8612304}.Test Server|Win64-arm64ec.Build.0 = Development|Any CPU
		{4ACB6F1D-4D57-3AB6-959D-6F30B8612304}.Test|Win64.ActiveCfg = Development|Any CPU
		{4ACB6F1D-4D57-3AB6-959D-6F30B8612304}.Test|Win64.Build.0 = Development|Any CPU
		{4ACB6F1D-4D57-3AB6-959D-6F30B8612304}.Test|Win64-arm64.ActiveCfg = Development|Any CPU
		{4ACB6F1D-4D57-3AB6-959D-6F30B8612304}.Test|Win64-arm64.Build.0 = Development|Any CPU
		{4ACB6F1D-4D57-3AB6-959D-6F30B8612304}.Test|Win64-arm64ec.ActiveCfg = Development|Any CPU
		{4ACB6F1D-4D57-3AB6-959D-6F30B8612304}.Test|Win64-arm64ec.Build.0 = Development|Any CPU
		{28524817-908B-34E3-B0F3-DCED24FD6A66}.Debug Client|Win64.ActiveCfg = Debug|Any CPU
		{28524817-908B-34E3-B0F3-DCED24FD6A66}.Debug Client|Win64.Build.0 = Debug|Any CPU
		{28524817-908B-34E3-B0F3-DCED24FD6A66}.Debug Client|Win64-arm64.ActiveCfg = Debug|Any CPU
		{28524817-908B-34E3-B0F3-DCED24FD6A66}.Debug Client|Win64-arm64.Build.0 = Debug|Any CPU
		{28524817-908B-34E3-B0F3-DCED24FD6A66}.Debug Client|Win64-arm64ec.ActiveCfg = Debug|Any CPU
		{28524817-908B-34E3-B0F3-DCED24FD6A66}.Debug Client|Win64-arm64ec.Build.0 = Debug|Any CPU
		{28524817-908B-34E3-B0F3-DCED24FD6A66}.Debug Editor|Win64.ActiveCfg = Debug|Any CPU
		{28524817-908B-34E3-B0F3-DCED24FD6A66}.Debug Editor|Win64.Build.0 = Debug|Any CPU
		{28524817-908B-34E3-B0F3-DCED24FD6A66}.Debug Editor|Win64-arm64.ActiveCfg = Debug|Any CPU
		{28524817-908B-34E3-B0F3-DCED24FD6A66}.Debug Editor|Win64-arm64.Build.0 = Debug|Any CPU
		{28524817-908B-34E3-B0F3-DCED24FD6A66}.Debug Editor|Win64-arm64ec.ActiveCfg = Debug|Any CPU
		{28524817-908B-34E3-B0F3-DCED24FD6A66}.Debug Editor|Win64-arm64ec.Build.0 = Debug|Any CPU
		{28524817-908B-34E3-B0F3-DCED24FD6A66}.Debug Server|Win64.ActiveCfg = Debug|Any CPU
		{28524817-908B-34E3-B0F3-DCED24FD6A66}.Debug Server|Win64.Build.0 = Debug|Any CPU
		{28524817-908B-34E3-B0F3-DCED24FD6A66}.Debug Server|Win64-arm64.ActiveCfg = Debug|Any CPU
		{28524817-908B-34E3-B0F3-DCED24FD6A66}.Debug Server|Win64-arm64.Build.0 = Debug|Any CPU
		{28524817-908B-34E3-B0F3-DCED24FD6A66}.Debug Server|Win64-arm64ec.ActiveCfg = Debug|Any CPU
		{28524817-908B-34E3-B0F3-DCED24FD6A66}.Debug Server|Win64-arm64ec.Build.0 = Debug|Any CPU
		{28524817-908B-34E3-B0F3-DCED24FD6A66}.DebugGame Client|Win64.ActiveCfg = Development|Any CPU
		{28524817-908B-34E3-B0F3-DCED24FD6A66}.DebugGame Client|Win64.Build.0 = Development|Any CPU
		{28524817-908B-34E3-B0F3-DCED24FD6A66}.DebugGame Client|Win64-arm64.ActiveCfg = Development|Any CPU
		{28524817-908B-34E3-B0F3-DCED24FD6A66}.DebugGame Client|Win64-arm64.Build.0 = Development|Any CPU
		{28524817-908B-34E3-B0F3-DCED24FD6A66}.DebugGame Client|Win64-arm64ec.ActiveCfg = Development|Any CPU
		{28524817-908B-34E3-B0F3-DCED24FD6A66}.DebugGame Client|Win64-arm64ec.Build.0 = Development|Any CPU
		{28524817-908B-34E3-B0F3-DCED24FD6A66}.DebugGame Editor|Win64.ActiveCfg = Development|Any CPU
		{28524817-908B-34E3-B0F3-DCED24FD6A66}.DebugGame Editor|Win64.Build.0 = Development|Any CPU
		{28524817-908B-34E3-B0F3-DCED24FD6A66}.DebugGame Editor|Win64-arm64.ActiveCfg = Development|Any CPU
		{28524817-908B-34E3-B0F3-DCED24FD6A66}.DebugGame Editor|Win64-arm64.Build.0 = Development|Any CPU
		{28524817-908B-34E3-B0F3-DCED24FD6A66}.DebugGame Editor|Win64-arm64ec.ActiveCfg = Development|Any CPU
		{28524817-908B-34E3-B0F3-DCED24FD6A66}.DebugGame Editor|Win64-arm64ec.Build.0 = Development|Any CPU
		{28524817-908B-34E3-B0F3-DCED24FD6A66}.DebugGame Server|Win64.ActiveCfg = Development|Any CPU
		{28524817-908B-34E3-B0F3-DCED24FD6A66}.DebugGame Server|Win64.Build.0 = Development|Any CPU
		{28524817-908B-34E3-B0F3-DCED24FD6A66}.DebugGame Server|Win64-arm64.ActiveCfg = Development|Any CPU
		{28524817-908B-34E3-B0F3-DCED24FD6A66}.DebugGame Server|Win64-arm64.Build.0 = Development|Any CPU
		{28524817-908B-34E3-B0F3-DCED24FD6A66}.DebugGame Server|Win64-arm64ec.ActiveCfg = Development|Any CPU
		{28524817-908B-34E3-B0F3-DCED24FD6A66}.DebugGame Server|Win64-arm64ec.Build.0 = Development|Any CPU
		{28524817-908B-34E3-B0F3-DCED24FD6A66}.DebugGame|Win64.ActiveCfg = Development|Any CPU
		{28524817-908B-34E3-B0F3-DCED24FD6A66}.DebugGame|Win64.Build.0 = Development|Any CPU
		{28524817-908B-34E3-B0F3-DCED24FD6A66}.DebugGame|Win64-arm64.ActiveCfg = Development|Any CPU
		{28524817-908B-34E3-B0F3-DCED24FD6A66}.DebugGame|Win64-arm64.Build.0 = Development|Any CPU
		{28524817-908B-34E3-B0F3-DCED24FD6A66}.DebugGame|Win64-arm64ec.ActiveCfg = Development|Any CPU
		{28524817-908B-34E3-B0F3-DCED24FD6A66}.DebugGame|Win64-arm64ec.Build.0 = Development|Any CPU
		{28524817-908B-34E3-B0F3-DCED24FD6A66}.Debug|Win64.ActiveCfg = Debug|Any CPU
		{28524817-908B-34E3-B0F3-DCED24FD6A66}.Debug|Win64.Build.0 = Debug|Any CPU
		{28524817-908B-34E3-B0F3-DCED24FD6A66}.Debug|Win64-arm64.ActiveCfg = Debug|Any CPU
		{28524817-908B-34E3-B0F3-DCED24FD6A66}.Debug|Win64-arm64.Build.0 = Debug|Any CPU
		{28524817-908B-34E3-B0F3-DCED24FD6A66}.Debug|Win64-arm64ec.ActiveCfg = Debug|Any CPU
		{28524817-908B-34E3-B0F3-DCED24FD6A66}.Debug|Win64-arm64ec.Build.0 = Debug|Any CPU
		{28524817-908B-34E3-B0F3-DCED24FD6A66}.Development Client|Win64.ActiveCfg = Development|Any CPU
		{28524817-908B-34E3-B0F3-DCED24FD6A66}.Development Client|Win64.Build.0 = Development|Any CPU
		{28524817-908B-34E3-B0F3-DCED24FD6A66}.Development Client|Win64-arm64.ActiveCfg = Development|Any CPU
		{28524817-908B-34E3-B0F3-DCED24FD6A66}.Development Client|Win64-arm64.Build.0 = Development|Any CPU
		{28524817-908B-34E3-B0F3-DCED24FD6A66}.Development Client|Win64-arm64ec.ActiveCfg = Development|Any CPU
		{28524817-908B-34E3-B0F3-DCED24FD6A66}.Development Client|Win64-arm64ec.Build.0 = Development|Any CPU
		{28524817-908B-34E3-B0F3-DCED24FD6A66}.Development Editor|Win64.ActiveCfg = Development|Any CPU
		{28524817-908B-34E3-B0F3-DCED24FD6A66}.Development Editor|Win64.Build.0 = Development|Any CPU
		{28524817-908B-34E3-B0F3-DCED24FD6A66}.Development Editor|Win64-arm64.ActiveCfg = Development|Any CPU
		{28524817-908B-34E3-B0F3-DCED24FD6A66}.Development Editor|Win64-arm64.Build.0 = Development|Any CPU
		{28524817-908B-34E3-B0F3-DCED24FD6A66}.Development Editor|Win64-arm64ec.ActiveCfg = Development|Any CPU
		{28524817-908B-34E3-B0F3-DCED24FD6A66}.Development Editor|Win64-arm64ec.Build.0 = Development|Any CPU
		{28524817-908B-34E3-B0F3-DCED24FD6A66}.Development Server|Win64.ActiveCfg = Development|Any CPU
		{28524817-908B-34E3-B0F3-DCED24FD6A66}.Development Server|Win64.Build.0 = Development|Any CPU
		{28524817-908B-34E3-B0F3-DCED24FD6A66}.Development Server|Win64-arm64.ActiveCfg = Development|Any CPU
		{28524817-908B-34E3-B0F3-DCED24FD6A66}.Development Server|Win64-arm64.Build.0 = Development|Any CPU
		{28524817-908B-34E3-B0F3-DCED24FD6A66}.Development Server|Win64-arm64ec.ActiveCfg = Development|Any CPU
		{28524817-908B-34E3-B0F3-DCED24FD6A66}.Development Server|Win64-arm64ec.Build.0 = Development|Any CPU
		{28524817-908B-34E3-B0F3-DCED24FD6A66}.Development|Win64.ActiveCfg = Development|Any CPU
		{28524817-908B-34E3-B0F3-DCED24FD6A66}.Development|Win64.Build.0 = Development|Any CPU
		{28524817-908B-34E3-B0F3-DCED24FD6A66}.Development|Win64-arm64.ActiveCfg = Development|Any CPU
		{28524817-908B-34E3-B0F3-DCED24FD6A66}.Development|Win64-arm64.Build.0 = Development|Any CPU
		{28524817-908B-34E3-B0F3-DCED24FD6A66}.Development|Win64-arm64ec.ActiveCfg = Development|Any CPU
		{28524817-908B-34E3-B0F3-DCED24FD6A66}.Development|Win64-arm64ec.Build.0 = Development|Any CPU
		{28524817-908B-34E3-B0F3-DCED24FD6A66}.Shipping Client|Win64.ActiveCfg = Development|Any CPU
		{28524817-908B-34E3-B0F3-DCED24FD6A66}.Shipping Client|Win64.Build.0 = Development|Any CPU
		{28524817-908B-34E3-B0F3-DCED24FD6A66}.Shipping Client|Win64-arm64.ActiveCfg = Development|Any CPU
		{28524817-908B-34E3-B0F3-DCED24FD6A66}.Shipping Client|Win64-arm64.Build.0 = Development|Any CPU
		{28524817-908B-34E3-B0F3-DCED24FD6A66}.Shipping Client|Win64-arm64ec.ActiveCfg = Development|Any CPU
		{28524817-908B-34E3-B0F3-DCED24FD6A66}.Shipping Client|Win64-arm64ec.Build.0 = Development|Any CPU
		{28524817-908B-34E3-B0F3-DCED24FD6A66}.Shipping Server|Win64.ActiveCfg = Development|Any CPU
		{28524817-908B-34E3-B0F3-DCED24FD6A66}.Shipping Server|Win64.Build.0 = Development|Any CPU
		{28524817-908B-34E3-B0F3-DCED24FD6A66}.Shipping Server|Win64-arm64.ActiveCfg = Development|Any CPU
		{28524817-908B-34E3-B0F3-DCED24FD6A66}.Shipping Server|Win64-arm64.Build.0 = Development|Any CPU
		{28524817-908B-34E3-B0F3-DCED24FD6A66}.Shipping Server|Win64-arm64ec.ActiveCfg = Development|Any CPU
		{28524817-908B-34E3-B0F3-DCED24FD6A66}.Shipping Server|Win64-arm64ec.Build.0 = Development|Any CPU
		{28524817-908B-34E3-B0F3-DCED24FD6A66}.Shipping|Win64.ActiveCfg = Development|Any CPU
		{28524817-908B-34E3-B0F3-DCED24FD6A66}.Shipping|Win64.Build.0 = Development|Any CPU
		{28524817-908B-34E3-B0F3-DCED24FD6A66}.Shipping|Win64-arm64.ActiveCfg = Development|Any CPU
		{28524817-908B-34E3-B0F3-DCED24FD6A66}.Shipping|Win64-arm64.Build.0 = Development|Any CPU
		{28524817-908B-34E3-B0F3-DCED24FD6A66}.Shipping|Win64-arm64ec.ActiveCfg = Development|Any CPU
		{28524817-908B-34E3-B0F3-DCED24FD6A66}.Shipping|Win64-arm64ec.Build.0 = Development|Any CPU
		{28524817-908B-34E3-B0F3-DCED24FD6A66}.Test Client|Win64.ActiveCfg = Development|Any CPU
		{28524817-908B-34E3-B0F3-DCED24FD6A66}.Test Client|Win64.Build.0 = Development|Any CPU
		{28524817-908B-34E3-B0F3-DCED24FD6A66}.Test Client|Win64-arm64.ActiveCfg = Development|Any CPU
		{28524817-908B-34E3-B0F3-DCED24FD6A66}.Test Client|Win64-arm64.Build.0 = Development|Any CPU
		{28524817-908B-34E3-B0F3-DCED24FD6A66}.Test Client|Win64-arm64ec.ActiveCfg = Development|Any CPU
		{28524817-908B-34E3-B0F3-DCED24FD6A66}.Test Client|Win64-arm64ec.Build.0 = Development|Any CPU
		{28524817-908B-34E3-B0F3-DCED24FD6A66}.Test Server|Win64.ActiveCfg = Development|Any CPU
		{28524817-908B-34E3-B0F3-DCED24FD6A66}.Test Server|Win64.Build.0 = Development|Any CPU
		{28524817-908B-34E3-B0F3-DCED24FD6A66}.Test Server|Win64-arm64.ActiveCfg = Development|Any CPU
		{28524817-908B-34E3-B0F3-DCED24FD6A66}.Test Server|Win64-arm64.Build.0 = Development|Any CPU
		{28524817-908B-34E3-B0F3-DCED24FD6A66}.Test Server|Win64-arm64ec.ActiveCfg = Development|Any CPU
		{28524817-908B-34E3-B0F3-DCED24FD6A66}.Test Server|Win64-arm64ec.Build.0 = Development|Any CPU
		{28524817-908B-34E3-B0F3-DCED24FD6A66}.Test|Win64.ActiveCfg = Development|Any CPU
		{28524817-908B-34E3-B0F3-DCED24FD6A66}.Test|Win64.Build.0 = Development|Any CPU
		{28524817-908B-34E3-B0F3-DCED24FD6A66}.Test|Win64-arm64.ActiveCfg = Development|Any CPU
		{28524817-908B-34E3-B0F3-DCED24FD6A66}.Test|Win64-arm64.Build.0 = Development|Any CPU
		{28524817-908B-34E3-B0F3-DCED24FD6A66}.Test|Win64-arm64ec.ActiveCfg = Development|Any CPU
		{28524817-908B-34E3-B0F3-DCED24FD6A66}.Test|Win64-arm64ec.Build.0 = Development|Any CPU
		{3788BDE7-5224-34C6-9B92-FD2FAFB784E7}.Debug Client|Win64.ActiveCfg = Debug|Any CPU
		{3788BDE7-5224-34C6-9B92-FD2FAFB784E7}.Debug Client|Win64.Build.0 = Debug|Any CPU
		{3788BDE7-5224-34C6-9B92-FD2FAFB784E7}.Debug Client|Win64-arm64.ActiveCfg = Debug|Any CPU
		{3788BDE7-5224-34C6-9B92-FD2FAFB784E7}.Debug Client|Win64-arm64.Build.0 = Debug|Any CPU
		{3788BDE7-5224-34C6-9B92-FD2FAFB784E7}.Debug Client|Win64-arm64ec.ActiveCfg = Debug|Any CPU
		{3788BDE7-5224-34C6-9B92-FD2FAFB784E7}.Debug Client|Win64-arm64ec.Build.0 = Debug|Any CPU
		{3788BDE7-5224-34C6-9B92-FD2FAFB784E7}.Debug Editor|Win64.ActiveCfg = Debug|Any CPU
		{3788BDE7-5224-34C6-9B92-FD2FAFB784E7}.Debug Editor|Win64.Build.0 = Debug|Any CPU
		{3788BDE7-5224-34C6-9B92-FD2FAFB784E7}.Debug Editor|Win64-arm64.ActiveCfg = Debug|Any CPU
		{3788BDE7-5224-34C6-9B92-FD2FAFB784E7}.Debug Editor|Win64-arm64.Build.0 = Debug|Any CPU
		{3788BDE7-5224-34C6-9B92-FD2FAFB784E7}.Debug Editor|Win64-arm64ec.ActiveCfg = Debug|Any CPU
		{3788BDE7-5224-34C6-9B92-FD2FAFB784E7}.Debug Editor|Win64-arm64ec.Build.0 = Debug|Any CPU
		{3788BDE7-5224-34C6-9B92-FD2FAFB784E7}.Debug Server|Win64.ActiveCfg = Debug|Any CPU
		{3788BDE7-5224-34C6-9B92-FD2FAFB784E7}.Debug Server|Win64.Build.0 = Debug|Any CPU
		{3788BDE7-5224-34C6-9B92-FD2FAFB784E7}.Debug Server|Win64-arm64.ActiveCfg = Debug|Any CPU
		{3788BDE7-5224-34C6-9B92-FD2FAFB784E7}.Debug Server|Win64-arm64.Build.0 = Debug|Any CPU
		{3788BDE7-5224-34C6-9B92-FD2FAFB784E7}.Debug Server|Win64-arm64ec.ActiveCfg = Debug|Any CPU
		{3788BDE7-5224-34C6-9B92-FD2FAFB784E7}.Debug Server|Win64-arm64ec.Build.0 = Debug|Any CPU
		{3788BDE7-5224-34C6-9B92-FD2FAFB784E7}.DebugGame Client|Win64.ActiveCfg = Development|Any CPU
		{3788BDE7-5224-34C6-9B92-FD2FAFB784E7}.DebugGame Client|Win64.Build.0 = Development|Any CPU
		{3788BDE7-5224-34C6-9B92-FD2FAFB784E7}.DebugGame Client|Win64-arm64.ActiveCfg = Development|Any CPU
		{3788BDE7-5224-34C6-9B92-FD2FAFB784E7}.DebugGame Client|Win64-arm64.Build.0 = Development|Any CPU
		{3788BDE7-5224-34C6-9B92-FD2FAFB784E7}.DebugGame Client|Win64-arm64ec.ActiveCfg = Development|Any CPU
		{3788BDE7-5224-34C6-9B92-FD2FAFB784E7}.DebugGame Client|Win64-arm64ec.Build.0 = Development|Any CPU
		{3788BDE7-5224-34C6-9B92-FD2FAFB784E7}.DebugGame Editor|Win64.ActiveCfg = Development|Any CPU
		{3788BDE7-5224-34C6-9B92-FD2FAFB784E7}.DebugGame Editor|Win64.Build.0 = Development|Any CPU
		{3788BDE7-5224-34C6-9B92-FD2FAFB784E7}.DebugGame Editor|Win64-arm64.ActiveCfg = Development|Any CPU
		{3788BDE7-5224-34C6-9B92-FD2FAFB784E7}.DebugGame Editor|Win64-arm64.Build.0 = Development|Any CPU
		{3788BDE7-5224-34C6-9B92-FD2FAFB784E7}.DebugGame Editor|Win64-arm64ec.ActiveCfg = Development|Any CPU
		{3788BDE7-5224-34C6-9B92-FD2FAFB784E7}.DebugGame Editor|Win64-arm64ec.Build.0 = Development|Any CPU
		{3788BDE7-5224-34C6-9B92-FD2FAFB784E7}.DebugGame Server|Win64.ActiveCfg = Development|Any CPU
		{3788BDE7-5224-34C6-9B92-FD2FAFB784E7}.DebugGame Server|Win64.Build.0 = Development|Any CPU
		{3788BDE7-5224-34C6-9B92-FD2FAFB784E7}.DebugGame Server|Win64-arm64.ActiveCfg = Development|Any CPU
		{3788BDE7-5224-34C6-9B92-FD2FAFB784E7}.DebugGame Server|Win64-arm64.Build.0 = Development|Any CPU
		{3788BDE7-5224-34C6-9B92-FD2FAFB784E7}.DebugGame Server|Win64-arm64ec.ActiveCfg = Development|Any CPU
		{3788BDE7-5224-34C6-9B92-FD2FAFB784E7}.DebugGame Server|Win64-arm64ec.Build.0 = Development|Any CPU
		{3788BDE7-5224-34C6-9B92-FD2FAFB784E7}.DebugGame|Win64.ActiveCfg = Development|Any CPU
		{3788BDE7-5224-34C6-9B92-FD2FAFB784E7}.DebugGame|Win64.Build.0 = Development|Any CPU
		{3788BDE7-5224-34C6-9B92-FD2FAFB784E7}.DebugGame|Win64-arm64.ActiveCfg = Development|Any CPU
		{3788BDE7-5224-34C6-9B92-FD2FAFB784E7}.DebugGame|Win64-arm64.Build.0 = Development|Any CPU
		{3788BDE7-5224-34C6-9B92-FD2FAFB784E7}.DebugGame|Win64-arm64ec.ActiveCfg = Development|Any CPU
		{3788BDE7-5224-34C6-9B92-FD2FAFB784E7}.DebugGame|Win64-arm64ec.Build.0 = Development|Any CPU
		{3788BDE7-5224-34C6-9B92-FD2FAFB784E7}.Debug|Win64.ActiveCfg = Debug|Any CPU
		{3788BDE7-5224-34C6-9B92-FD2FAFB784E7}.Debug|Win64.Build.0 = Debug|Any CPU
		{3788BDE7-5224-34C6-9B92-FD2FAFB784E7}.Debug|Win64-arm64.ActiveCfg = Debug|Any CPU
		{3788BDE7-5224-34C6-9B92-FD2FAFB784E7}.Debug|Win64-arm64.Build.0 = Debug|Any CPU
		{3788BDE7-5224-34C6-9B92-FD2FAFB784E7}.Debug|Win64-arm64ec.ActiveCfg = Debug|Any CPU
		{3788BDE7-5224-34C6-9B92-FD2FAFB784E7}.Debug|Win64-arm64ec.Build.0 = Debug|Any CPU
		{3788BDE7-5224-34C6-9B92-FD2FAFB784E7}.Development Client|Win64.ActiveCfg = Development|Any CPU
		{3788BDE7-5224-34C6-9B92-FD2FAFB784E7}.Development Client|Win64.Build.0 = Development|Any CPU
		{3788BDE7-5224-34C6-9B92-FD2FAFB784E7}.Development Client|Win64-arm64.ActiveCfg = Development|Any CPU
		{3788BDE7-5224-34C6-9B92-FD2FAFB784E7}.Development Client|Win64-arm64.Build.0 = Development|Any CPU
		{3788BDE7-5224-34C6-9B92-FD2FAFB784E7}.Development Client|Win64-arm64ec.ActiveCfg = Development|Any CPU
		{3788BDE7-5224-34C6-9B92-FD2FAFB784E7}.Development Client|Win64-arm64ec.Build.0 = Development|Any CPU
		{3788BDE7-5224-34C6-9B92-FD2FAFB784E7}.Development Editor|Win64.ActiveCfg = Development|Any CPU
		{3788BDE7-5224-34C6-9B92-FD2FAFB784E7}.Development Editor|Win64.Build.0 = Development|Any CPU
		{3788BDE7-5224-34C6-9B92-FD2FAFB784E7}.Development Editor|Win64-arm64.ActiveCfg = Development|Any CPU
		{3788BDE7-5224-34C6-9B92-FD2FAFB784E7}.Development Editor|Win64-arm64.Build.0 = Development|Any CPU
		{3788BDE7-5224-34C6-9B92-FD2FAFB784E7}.Development Editor|Win64-arm64ec.ActiveCfg = Development|Any CPU
		{3788BDE7-5224-34C6-9B92-FD2FAFB784E7}.Development Editor|Win64-arm64ec.Build.0 = Development|Any CPU
		{3788BDE7-5224-34C6-9B92-FD2FAFB784E7}.Development Server|Win64.ActiveCfg = Development|Any CPU
		{3788BDE7-5224-34C6-9B92-FD2FAFB784E7}.Development Server|Win64.Build.0 = Development|Any CPU
		{3788BDE7-5224-34C6-9B92-FD2FAFB784E7}.Development Server|Win64-arm64.ActiveCfg = Development|Any CPU
		{3788BDE7-5224-34C6-9B92-FD2FAFB784E7}.Development Server|Win64-arm64.Build.0 = Development|Any CPU
		{3788BDE7-5224-34C6-9B92-FD2FAFB784E7}.Development Server|Win64-arm64ec.ActiveCfg = Development|Any CPU
		{3788BDE7-5224-34C6-9B92-FD2FAFB784E7}.Development Server|Win64-arm64ec.Build.0 = Development|Any CPU
		{3788BDE7-5224-34C6-9B92-FD2FAFB784E7}.Development|Win64.ActiveCfg = Development|Any CPU
		{3788BDE7-5224-34C6-9B92-FD2FAFB784E7}.Development|Win64.Build.0 = Development|Any CPU
		{3788BDE7-5224-34C6-9B92-FD2FAFB784E7}.Development|Win64-arm64.ActiveCfg = Development|Any CPU
		{3788BDE7-5224-34C6-9B92-FD2FAFB784E7}.Development|Win64-arm64.Build.0 = Development|Any CPU
		{3788BDE7-5224-34C6-9B92-FD2FAFB784E7}.Development|Win64-arm64ec.ActiveCfg = Development|Any CPU
		{3788BDE7-5224-34C6-9B92-FD2FAFB784E7}.Development|Win64-arm64ec.Build.0 = Development|Any CPU
		{3788BDE7-5224-34C6-9B92-FD2FAFB784E7}.Shipping Client|Win64.ActiveCfg = Development|Any CPU
		{3788BDE7-5224-34C6-9B92-FD2FAFB784E7}.Shipping Client|Win64.Build.0 = Development|Any CPU
		{3788BDE7-5224-34C6-9B92-FD2FAFB784E7}.Shipping Client|Win64-arm64.ActiveCfg = Development|Any CPU
		{3788BDE7-5224-34C6-9B92-FD2FAFB784E7}.Shipping Client|Win64-arm64.Build.0 = Development|Any CPU
		{3788BDE7-5224-34C6-9B92-FD2FAFB784E7}.Shipping Client|Win64-arm64ec.ActiveCfg = Development|Any CPU
		{3788BDE7-5224-34C6-9B92-FD2FAFB784E7}.Shipping Client|Win64-arm64ec.Build.0 = Development|Any CPU
		{3788BDE7-5224-34C6-9B92-FD2FAFB784E7}.Shipping Server|Win64.ActiveCfg = Development|Any CPU
		{3788BDE7-5224-34C6-9B92-FD2FAFB784E7}.Shipping Server|Win64.Build.0 = Development|Any CPU
		{3788BDE7-5224-34C6-9B92-FD2FAFB784E7}.Shipping Server|Win64-arm64.ActiveCfg = Development|Any CPU
		{3788BDE7-5224-34C6-9B92-FD2FAFB784E7}.Shipping Server|Win64-arm64.Build.0 = Development|Any CPU
		{3788BDE7-5224-34C6-9B92-FD2FAFB784E7}.Shipping Server|Win64-arm64ec.ActiveCfg = Development|Any CPU
		{3788BDE7-5224-34C6-9B92-FD2FAFB784E7}.Shipping Server|Win64-arm64ec.Build.0 = Development|Any CPU
		{3788BDE7-5224-34C6-9B92-FD2FAFB784E7}.Shipping|Win64.ActiveCfg = Development|Any CPU
		{3788BDE7-5224-34C6-9B92-FD2FAFB784E7}.Shipping|Win64.Build.0 = Development|Any CPU
		{3788BDE7-5224-34C6-9B92-FD2FAFB784E7}.Shipping|Win64-arm64.ActiveCfg = Development|Any CPU
		{3788BDE7-5224-34C6-9B92-FD2FAFB784E7}.Shipping|Win64-arm64.Build.0 = Development|Any CPU
		{3788BDE7-5224-34C6-9B92-FD2FAFB784E7}.Shipping|Win64-arm64ec.ActiveCfg = Development|Any CPU
		{3788BDE7-5224-34C6-9B92-FD2FAFB784E7}.Shipping|Win64-arm64ec.Build.0 = Development|Any CPU
		{3788BDE7-5224-34C6-9B92-FD2FAFB784E7}.Test Client|Win64.ActiveCfg = Development|Any CPU
		{3788BDE7-5224-34C6-9B92-FD2FAFB784E7}.Test Client|Win64.Build.0 = Development|Any CPU
		{3788BDE7-5224-34C6-9B92-FD2FAFB784E7}.Test Client|Win64-arm64.ActiveCfg = Development|Any CPU
		{3788BDE7-5224-34C6-9B92-FD2FAFB784E7}.Test Client|Win64-arm64.Build.0 = Development|Any CPU
		{3788BDE7-5224-34C6-9B92-FD2FAFB784E7}.Test Client|Win64-arm64ec.ActiveCfg = Development|Any CPU
		{3788BDE7-5224-34C6-9B92-FD2FAFB784E7}.Test Client|Win64-arm64ec.Build.0 = Development|Any CPU
		{3788BDE7-5224-34C6-9B92-FD2FAFB784E7}.Test Server|Win64.ActiveCfg = Development|Any CPU
		{3788BDE7-5224-34C6-9B92-FD2FAFB784E7}.Test Server|Win64.Build.0 = Development|Any CPU
		{3788BDE7-5224-34C6-9B92-FD2FAFB784E7}.Test Server|Win64-arm64.ActiveCfg = Development|Any CPU
		{3788BDE7-5224-34C6-9B92-FD2FAFB784E7}.Test Server|Win64-arm64.Build.0 = Development|Any CPU
		{3788BDE7-5224-34C6-9B92-FD2FAFB784E7}.Test Server|Win64-arm64ec.ActiveCfg = Development|Any CPU
		{3788BDE7-5224-34C6-9B92-FD2FAFB784E7}.Test Server|Win64-arm64ec.Build.0 = Development|Any CPU
		{3788BDE7-5224-34C6-9B92-FD2FAFB784E7}.Test|Win64.ActiveCfg = Development|Any CPU
		{3788BDE7-5224-34C6-9B92-FD2FAFB784E7}.Test|Win64.Build.0 = Development|Any CPU
		{3788BDE7-5224-34C6-9B92-FD2FAFB784E7}.Test|Win64-arm64.ActiveCfg = Development|Any CPU
		{3788BDE7-5224-34C6-9B92-FD2FAFB784E7}.Test|Win64-arm64.Build.0 = Development|Any CPU
		{3788BDE7-5224-34C6-9B92-FD2FAFB784E7}.Test|Win64-arm64ec.ActiveCfg = Development|Any CPU
		{3788BDE7-5224-34C6-9B92-FD2FAFB784E7}.Test|Win64-arm64ec.Build.0 = Development|Any CPU
	EndGlobalSection
	GlobalSection(SolutionProperties) = preSolution
		HideSolutionNode = FALSE
	EndGlobalSection
	GlobalSection(NestedProjects) = preSolution
		{C22418DA-32B7-369D-97AD-44AD9026E78F} = {233774A8-CC9D-3FA9-86D1-90573E92B704}
		{4E8744D5-A17B-35F0-B960-148659F8F818} = {DE1F8B53-6C02-3C13-9101-A7C8D96F3FF6}
		{0BFBE63A-B98A-3411-8EEB-8918FEC737B3} = {A338B9E2-A559-34BE-A46D-F789DD488FAD}
		{7B5CFB44-F0FB-31DF-AE62-C3C096A29A7B} = {A338B9E2-A559-34BE-A46D-F789DD488FAD}
		{57713676-9DBE-331C-AD10-26632AC9EE0C} = {A338B9E2-A559-34BE-A46D-F789DD488FAD}
		{E288FD9A-8319-34FB-B836-DA1CFA324035} = {0BFBE63A-B98A-3411-8EEB-8918FEC737B3}
		{8D5C6414-9CB3-3EFD-A536-27FE80A6651B} = {7B5CFB44-F0FB-31DF-AE62-C3C096A29A7B}
		{E0092661-A41D-3A76-A90F-C990F854E540} = {57713676-9DBE-331C-AD10-26632AC9EE0C}
		{4C4952DE-61FD-395D-A79E-98765DFB6D3D} = {57713676-9DBE-331C-AD10-26632AC9EE0C}
		{4ACB6F1D-4D57-3AB6-959D-6F30B8612304} = {C2F57ECE-B26F-39D8-BDA7-C1D40BD8F180}
		{28524817-908B-34E3-B0F3-DCED24FD6A66} = {C2F57ECE-B26F-39D8-BDA7-C1D40BD8F180}
		{3788BDE7-5224-34C6-9B92-FD2FAFB784E7} = {C2F57ECE-B26F-39D8-BDA7-C1D40BD8F180}
	EndGlobalSection
EndGlobal
